
Microsoft Visual Studio Solution File, Format Version 12.00
# Visual Studio Version 17
VisualStudioVersion = 17.0.31903.59
MinimumVisualStudioVersion = 10.0.40219.1
Project("{2150E333-8FDC-42A3-9474-1A3956D46DE8}") = "src", "src", "{89F4955E-12E9-406B-A518-22841997978A}"
EndProject
Project("{2150E333-8FDC-42A3-9474-1A3956D46DE8}") = "api", "api", "{81F34254-F081-4202-B9B8-5D60AFA45A49}"
EndProject
Project("{9A19103F-16F7-4668-BE54-9A1E7A4F7556}") = "WLCS.Api", "src\api\WLCS.Api\WLCS.Api.csproj", "{CDDAB655-DE7F-4B51-880D-06BB72B2A440}"
EndProject
Project("{2150E333-8FDC-42A3-9474-1A3956D46DE8}") = "common", "common", "{107004BC-2EA6-4FE7-9D75-09138D45AD60}"
EndProject
Project("{9A19103F-16F7-4668-BE54-9A1E7A4F7556}") = "WLCS.Common.Application", "src\common\WLCS.Common.Application\WLCS.Common.Application.csproj", "{AE3AFFBB-6A9C-46B2-A4DB-C59222F5651E}"
EndProject
Project("{9A19103F-16F7-4668-BE54-9A1E7A4F7556}") = "WLCS.Common.Domain", "src\common\WLCS.Common.Domain\WLCS.Common.Domain.csproj", "{6EFE8298-E75F-499B-B137-9C3E174F5A73}"
EndProject
Project("{9A19103F-16F7-4668-BE54-9A1E7A4F7556}") = "WLCS.Common.Infrastructure", "src\common\WLCS.Common.Infrastructure\WLCS.Common.Infrastructure.csproj", "{7D9127C2-AABF-46BC-887D-EAFC1A8D12FD}"
EndProject
Project("{9A19103F-16F7-4668-BE54-9A1E7A4F7556}") = "WLCS.Common.Presentation", "src\common\WLCS.Common.Presentation\WLCS.Common.Presentation.csproj", "{0794E75B-111A-44E0-B23F-520C4B1C1584}"
EndProject
Project("{2150E333-8FDC-42A3-9474-1A3956D46DE8}") = "Solution Items", "Solution Items", "{C8D84849-06C2-480B-AAD4-56FB595F71F1}"
	ProjectSection(SolutionItems) = preProject
		.editorconfig = .editorconfig
		.gitignore = .gitignore
		Directory.Build.props = Directory.Build.props
		global.json = global.json
		stylecop.json = stylecop.json
	EndProjectSection
EndProject
Project("{E53339B2-1760-4266-BCC7-CA923CBCF16C}") = "docker-compose", "docker-compose.dcproj", "{5D260CE9-281D-4E68-BB58-8C3FD86F4B87}"
EndProject
Project("{2150E333-8FDC-42A3-9474-1A3956D46DE8}") = "modules", "modules", "{2C7C49DB-2447-442A-8F7E-6CF66C8C55DE}"
EndProject
Project("{2150E333-8FDC-42A3-9474-1A3956D46DE8}") = "Competition", "Competition", "{5092E560-FE11-4FC5-B220-96E3EDAB1D86}"
EndProject
Project("{2150E333-8FDC-42A3-9474-1A3956D46DE8}") = "requests", "requests", "{970DC74A-723E-4FFB-BA88-082F92F92BDA}"
	ProjectSection(SolutionItems) = preProject
		requests\http-client.env.json = requests\http-client.env.json
	EndProjectSection
EndProject
Project("{2150E333-8FDC-42A3-9474-1A3956D46DE8}") = "Competitions", "Competitions", "{DC6E5739-1CC5-41C0-85FD-EAB9B0CFFE38}"
	ProjectSection(SolutionItems) = preProject
		requests\Competitions\CreateMeet.http = requests\Competitions\CreateMeet.http
		requests\Competitions\GetMeet.http = requests\Competitions\GetMeet.http
	EndProjectSection
EndProject
Project("{9A19103F-16F7-4668-BE54-9A1E7A4F7556}") = "WLCS.Modules.Competition.Domain", "src\modules\Competition\WLCS.Modules.Competition.Domain\WLCS.Modules.Competition.Domain.csproj", "{6261151C-CD68-4B47-86FE-3D04F7FBEB38}"
EndProject
Project("{9A19103F-16F7-4668-BE54-9A1E7A4F7556}") = "WLCS.Modules.Competition.Application", "src\modules\Competition\WLCS.Modules.Competition.Application\WLCS.Modules.Competition.Application.csproj", "{24EC9AA3-71A7-4CE6-9149-F1693DC447C7}"
EndProject
Project("{9A19103F-16F7-4668-BE54-9A1E7A4F7556}") = "WLCS.Modules.Competition.Infrastructure", "src\modules\Competition\WLCS.Modules.Competition.Infrastructure\WLCS.Modules.Competition.Infrastructure.csproj", "{CFAD8713-0F65-4B94-AC76-E248EA303BF0}"
EndProject
Project("{9A19103F-16F7-4668-BE54-9A1E7A4F7556}") = "WLCS.Modules.Competition.Presentation", "src\modules\Competition\WLCS.Modules.Competition.Presentation\WLCS.Modules.Competition.Presentation.csproj", "{2A2DDDBC-4837-4A78-AA2F-D4F5DB170C18}"
EndProject
Project("{2150E333-8FDC-42A3-9474-1A3956D46DE8}") = "Health", "Health", "{055610AE-D831-45A6-896B-823FC4906EC8}"
	ProjectSection(SolutionItems) = preProject
		requests\Health\GetHealth.http = requests\Health\GetHealth.http
	EndProjectSection
EndProject
Project("{2150E333-8FDC-42A3-9474-1A3956D46DE8}") = "Administration", "Administration", "{2FE4F575-EE1E-4F1E-B04C-0D840A7D29EE}"
EndProject
Project("{9A19103F-16F7-4668-BE54-9A1E7A4F7556}") = "WLCS.Modules.Administration.Application", "src\modules\Administration\WLCS.Modules.Administration.Application\WLCS.Modules.Administration.Application.csproj", "{E1932844-B12A-41D5-9978-E34898FC854D}"
EndProject
Project("{9A19103F-16F7-4668-BE54-9A1E7A4F7556}") = "WLCS.Modules.Administration.Domain", "src\modules\Administration\WLCS.Modules.Administration.Domain\WLCS.Modules.Administration.Domain.csproj", "{C8FEBE99-F898-4392-98CE-6840800D807D}"
EndProject
Project("{9A19103F-16F7-4668-BE54-9A1E7A4F7556}") = "WLCS.Modules.Administration.Infrastructure", "src\modules\Administration\WLCS.Modules.Administration.Infrastructure\WLCS.Modules.Administration.Infrastructure.csproj", "{9BC6F95E-8556-4ADE-8581-792668C93D7F}"
EndProject
Project("{9A19103F-16F7-4668-BE54-9A1E7A4F7556}") = "WLCS.Modules.Administration.Presentation", "src\modules\Administration\WLCS.Modules.Administration.Presentation\WLCS.Modules.Administration.Presentation.csproj", "{17773306-A486-41DC-8CA2-FC345845EDD9}"
EndProject
Project("{2150E333-8FDC-42A3-9474-1A3956D46DE8}") = "Users", "Users", "{695CCFD1-CB0F-4B1A-898F-6653A79A8496}"
	ProjectSection(SolutionItems) = preProject
		requests\Users\GetUserProfile.http = requests\Users\GetUserProfile.http
		requests\Users\RegisterUser.http = requests\Users\RegisterUser.http
	EndProjectSection
EndProject
Project("{9A19103F-16F7-4668-BE54-9A1E7A4F7556}") = "WLCS.Modules.Administration.IntegrationEvents", "src\modules\Administration\WLCS.Modules.Administration.IntegrationEvents\WLCS.Modules.Administration.IntegrationEvents.csproj", "{A8594ACA-054B-4F04-8696-07119C5AE238}"
EndProject
Project("{2150E333-8FDC-42A3-9474-1A3956D46DE8}") = "Identity", "Identity", "{B047FF41-F114-4B1D-9B7E-B01CCA1AB981}"
	ProjectSection(SolutionItems) = preProject
		requests\Identity\Login.http = requests\Identity\Login.http
	EndProjectSection
EndProject
Project("{2150E333-8FDC-42A3-9474-1A3956D46DE8}") = "test", "test", "{7FBFDA95-612B-46D2-ACCF-98B9C9DD04C0}"
EndProject
Project("{9A19103F-16F7-4668-BE54-9A1E7A4F7556}") = "WLCS.Modules.Competition.IntegrationEvents", "src\modules\Competition\WLCS.Modules.Competition.IntegrationEvents\WLCS.Modules.Competition.IntegrationEvents.csproj", "{45985581-EF77-417E-B607-795EFE3AD720}"
EndProject
Project("{2150E333-8FDC-42A3-9474-1A3956D46DE8}") = "Athletes", "Athletes", "{E16C29D4-DF81-460C-87C8-939768A5C49B}"
EndProject
Project("{2150E333-8FDC-42A3-9474-1A3956D46DE8}") = "Communication", "Communication", "{A5011279-1873-42DA-A6B1-4D5AC9B01BAE}"
EndProject
Project("{2150E333-8FDC-42A3-9474-1A3956D46DE8}") = "Results", "Results", "{6C5FD245-E9CE-4B2D-8EF4-C01AA375D213}"
EndProject
Project("{2150E333-8FDC-42A3-9474-1A3956D46DE8}") = "Scheduling", "Scheduling", "{5CDBC776-1506-459E-AAB6-86CA12392B1A}"
EndProject
Project("{9A19103F-16F7-4668-BE54-9A1E7A4F7556}") = "WLCS.Modules.Athletes.Application", "src\modules\Athletes\WLCS.Modules.Athletes.Application\WLCS.Modules.Athletes.Application.csproj", "{EC433F34-B548-47C1-9A89-F2AD20B2565B}"
EndProject
Project("{9A19103F-16F7-4668-BE54-9A1E7A4F7556}") = "WLCS.Modules.Athletes.Domain", "src\modules\Athletes\WLCS.Modules.Athletes.Domain\WLCS.Modules.Athletes.Domain.csproj", "{86ED77E0-F5E4-4676-BEB7-051C568CC1C8}"
EndProject
Project("{9A19103F-16F7-4668-BE54-9A1E7A4F7556}") = "WLCS.Modules.Athletes.Infrastructure", "src\modules\Athletes\WLCS.Modules.Athletes.Infrastructure\WLCS.Modules.Athletes.Infrastructure.csproj", "{76386918-032B-4A71-A402-8394D817BFA3}"
EndProject
Project("{9A19103F-16F7-4668-BE54-9A1E7A4F7556}") = "WLCS.Modules.Athletes.IntegrationEvents", "src\modules\Athletes\WLCS.Modules.Athletes.IntegrationEvents\WLCS.Modules.Athletes.IntegrationEvents.csproj", "{6D5D1452-8BFC-47D3-AE36-832494E6E6A6}"
EndProject
Project("{9A19103F-16F7-4668-BE54-9A1E7A4F7556}") = "WLCS.Modules.Athletes.Presentation", "src\modules\Athletes\WLCS.Modules.Athletes.Presentation\WLCS.Modules.Athletes.Presentation.csproj", "{C9FE4B3D-0419-4718-88F4-983D93F70FB0}"
EndProject
Project("{9A19103F-16F7-4668-BE54-9A1E7A4F7556}") = "WLCS.Modules.Communication.Application", "src\modules\Communication\WLCS.Modules.Communication.Application\WLCS.Modules.Communication.Application.csproj", "{C768785B-78EB-499B-9B35-8CFE0DDF960E}"
EndProject
Project("{9A19103F-16F7-4668-BE54-9A1E7A4F7556}") = "WLCS.Modules.Communication.Domain", "src\modules\Communication\WLCS.Modules.Communication.Domain\WLCS.Modules.Communication.Domain.csproj", "{5880F2F2-93A6-4899-BE04-2BF4C4A9D4FF}"
EndProject
Project("{9A19103F-16F7-4668-BE54-9A1E7A4F7556}") = "WLCS.Modules.Communication.Infrastructure", "src\modules\Communication\WLCS.Modules.Communication.Infrastructure\WLCS.Modules.Communication.Infrastructure.csproj", "{30143531-3E30-4DCD-95E6-FD3D2F2E6547}"
EndProject
Project("{9A19103F-16F7-4668-BE54-9A1E7A4F7556}") = "WLCS.Modules.Communication.IntegrationEvents", "src\modules\Communication\WLCS.Modules.Communication.IntegrationEvents\WLCS.Modules.Communication.IntegrationEvents.csproj", "{DF8F5684-6730-473C-898C-DD9E174BA101}"
EndProject
Project("{9A19103F-16F7-4668-BE54-9A1E7A4F7556}") = "WLCS.Modules.Communication.Presentation", "src\modules\Communication\WLCS.Modules.Communication.Presentation\WLCS.Modules.Communication.Presentation.csproj", "{2D5371BA-6E23-4B31-9F8A-91960D20C01D}"
EndProject
Project("{9A19103F-16F7-4668-BE54-9A1E7A4F7556}") = "WLCS.Modules.Results.Application", "src\modules\Results\WLCS.Modules.Results.Application\WLCS.Modules.Results.Application.csproj", "{4F59B645-8E82-4FAD-8960-9887664A6C38}"
EndProject
Project("{9A19103F-16F7-4668-BE54-9A1E7A4F7556}") = "WLCS.Modules.Results.Domain", "src\modules\Results\WLCS.Modules.Results.Domain\WLCS.Modules.Results.Domain.csproj", "{15FC8637-40BF-4E05-8104-3BE5CC872F9D}"
EndProject
Project("{9A19103F-16F7-4668-BE54-9A1E7A4F7556}") = "WLCS.Modules.Results.Infrastructure", "src\modules\Results\WLCS.Modules.Results.Infrastructure\WLCS.Modules.Results.Infrastructure.csproj", "{DA33E0F2-FA97-4570-92F7-7317A5AC675B}"
EndProject
Project("{9A19103F-16F7-4668-BE54-9A1E7A4F7556}") = "WLCS.Modules.Results.IntegrationEvents", "src\modules\Results\WLCS.Modules.Results.IntegrationEvents\WLCS.Modules.Results.IntegrationEvents.csproj", "{1C8EBC9F-7F23-4E49-AE90-A4B386B6A2A5}"
EndProject
Project("{9A19103F-16F7-4668-BE54-9A1E7A4F7556}") = "WLCS.Modules.Results.Presentation", "src\modules\Results\WLCS.Modules.Results.Presentation\WLCS.Modules.Results.Presentation.csproj", "{56C20CFF-5733-4F98-958A-D90B172B2D98}"
EndProject
Project("{9A19103F-16F7-4668-BE54-9A1E7A4F7556}") = "WLCS.Modules.Scheduling.Application", "src\modules\Scheduling\WLCS.Modules.Scheduling.Application\WLCS.Modules.Scheduling.Application.csproj", "{84A49F5E-94AE-4600-B744-00666E34C699}"
EndProject
Project("{9A19103F-16F7-4668-BE54-9A1E7A4F7556}") = "WLCS.Modules.Scheduling.Domain", "src\modules\Scheduling\WLCS.Modules.Scheduling.Domain\WLCS.Modules.Scheduling.Domain.csproj", "{64B805DF-67CE-4D8A-A593-9D4476EFD9A9}"
EndProject
Project("{9A19103F-16F7-4668-BE54-9A1E7A4F7556}") = "WLCS.Modules.Scheduling.Infrastructure", "src\modules\Scheduling\WLCS.Modules.Scheduling.Infrastructure\WLCS.Modules.Scheduling.Infrastructure.csproj", "{DB7B883B-BD63-4C27-95BF-1F1C5056D1FE}"
EndProject
Project("{9A19103F-16F7-4668-BE54-9A1E7A4F7556}") = "WLCS.Modules.Scheduling.IntegrationEvents", "src\modules\Scheduling\WLCS.Modules.Scheduling.IntegrationEvents\WLCS.Modules.Scheduling.IntegrationEvents.csproj", "{33BA1173-2D37-42F5-9608-77E527A539D0}"
EndProject
Project("{9A19103F-16F7-4668-BE54-9A1E7A4F7556}") = "WLCS.Modules.Scheduling.Presentation", "src\modules\Scheduling\WLCS.Modules.Scheduling.Presentation\WLCS.Modules.Scheduling.Presentation.csproj", "{CEF7F178-7B5D-48B7-87CB-5D75B2D4B58F}"
EndProject
Project("{2150E333-8FDC-42A3-9474-1A3956D46DE8}") = "ArchitectureTests", "ArchitectureTests", "{4CAC14AA-5EA9-4261-9412-BD27D0962A88}"
EndProject
Project("{9A19103F-16F7-4668-BE54-9A1E7A4F7556}") = "WLCS.ArchitectureTests", "test\ArchitectureTests\WLCS.ArchitectureTests\WLCS.ArchitectureTests.csproj", "{E1F6C589-A9C1-4689-9EAA-EE1F6BE16E5E}"
EndProject
Project("{FAE04EC0-301F-11D3-BF4B-00C04F79EFBC}") = "WLCS.Modules.Administration.ArchitectureTests", "test\Modules\Administration\WLCS.Modules.Administration.ArchitectureTests\WLCS.Modules.Administration.ArchitectureTests.csproj", "{7B034DAC-D508-42CE-9B5E-963BBCBF70D5}"
EndProject
Project("{FAE04EC0-301F-11D3-BF4B-00C04F79EFBC}") = "WLCS.Modules.Athletes.ArchitectureTests", "test\Modules\Athletes\WLCS.Modules.Athletes.ArchitectureTests\WLCS.Modules.Athletes.ArchitectureTests.csproj", "{5D78FFDF-F273-4192-BC29-C4206E82F022}"
EndProject
Project("{FAE04EC0-301F-11D3-BF4B-00C04F79EFBC}") = "WLCS.Modules.Competition.ArchitectureTests", "test\Modules\Competition\WLCS.Modules.Competition.ArchitectureTests\WLCS.Modules.Competition.ArchitectureTests.csproj", "{C63B53D3-A524-48A8-9973-24D498008ADD}"
EndProject
Project("{FAE04EC0-301F-11D3-BF4B-00C04F79EFBC}") = "WLCS.Modules.Administration.IntegrationTests", "test\Modules\Administration\WLCS.Modules.Administration.IntegrationTests\WLCS.Modules.Administration.IntegrationTests.csproj", "{9CCB1657-4011-40EA-8F01-17F8401999B8}"
EndProject
Global
	GlobalSection(SolutionConfigurationPlatforms) = preSolution
		Debug|Any CPU = Debug|Any CPU
		Release|Any CPU = Release|Any CPU
	EndGlobalSection
	GlobalSection(ProjectConfigurationPlatforms) = postSolution
		{CDDAB655-DE7F-4B51-880D-06BB72B2A440}.Debug|Any CPU.ActiveCfg = Debug|Any CPU
		{CDDAB655-DE7F-4B51-880D-06BB72B2A440}.Debug|Any CPU.Build.0 = Debug|Any CPU
		{CDDAB655-DE7F-4B51-880D-06BB72B2A440}.Release|Any CPU.ActiveCfg = Release|Any CPU
		{CDDAB655-DE7F-4B51-880D-06BB72B2A440}.Release|Any CPU.Build.0 = Release|Any CPU
		{AE3AFFBB-6A9C-46B2-A4DB-C59222F5651E}.Debug|Any CPU.ActiveCfg = Debug|Any CPU
		{AE3AFFBB-6A9C-46B2-A4DB-C59222F5651E}.Debug|Any CPU.Build.0 = Debug|Any CPU
		{AE3AFFBB-6A9C-46B2-A4DB-C59222F5651E}.Release|Any CPU.ActiveCfg = Release|Any CPU
		{AE3AFFBB-6A9C-46B2-A4DB-C59222F5651E}.Release|Any CPU.Build.0 = Release|Any CPU
		{6EFE8298-E75F-499B-B137-9C3E174F5A73}.Debug|Any CPU.ActiveCfg = Debug|Any CPU
		{6EFE8298-E75F-499B-B137-9C3E174F5A73}.Debug|Any CPU.Build.0 = Debug|Any CPU
		{6EFE8298-E75F-499B-B137-9C3E174F5A73}.Release|Any CPU.ActiveCfg = Release|Any CPU
		{6EFE8298-E75F-499B-B137-9C3E174F5A73}.Release|Any CPU.Build.0 = Release|Any CPU
		{7D9127C2-AABF-46BC-887D-EAFC1A8D12FD}.Debug|Any CPU.ActiveCfg = Debug|Any CPU
		{7D9127C2-AABF-46BC-887D-EAFC1A8D12FD}.Debug|Any CPU.Build.0 = Debug|Any CPU
		{7D9127C2-AABF-46BC-887D-EAFC1A8D12FD}.Release|Any CPU.ActiveCfg = Release|Any CPU
		{7D9127C2-AABF-46BC-887D-EAFC1A8D12FD}.Release|Any CPU.Build.0 = Release|Any CPU
		{0794E75B-111A-44E0-B23F-520C4B1C1584}.Debug|Any CPU.ActiveCfg = Debug|Any CPU
		{0794E75B-111A-44E0-B23F-520C4B1C1584}.Debug|Any CPU.Build.0 = Debug|Any CPU
		{0794E75B-111A-44E0-B23F-520C4B1C1584}.Release|Any CPU.ActiveCfg = Release|Any CPU
		{0794E75B-111A-44E0-B23F-520C4B1C1584}.Release|Any CPU.Build.0 = Release|Any CPU
		{5D260CE9-281D-4E68-BB58-8C3FD86F4B87}.Debug|Any CPU.ActiveCfg = Debug|Any CPU
		{5D260CE9-281D-4E68-BB58-8C3FD86F4B87}.Debug|Any CPU.Build.0 = Debug|Any CPU
		{5D260CE9-281D-4E68-BB58-8C3FD86F4B87}.Release|Any CPU.ActiveCfg = Release|Any CPU
		{5D260CE9-281D-4E68-BB58-8C3FD86F4B87}.Release|Any CPU.Build.0 = Release|Any CPU
		{6261151C-CD68-4B47-86FE-3D04F7FBEB38}.Debug|Any CPU.ActiveCfg = Debug|Any CPU
		{6261151C-CD68-4B47-86FE-3D04F7FBEB38}.Debug|Any CPU.Build.0 = Debug|Any CPU
		{6261151C-CD68-4B47-86FE-3D04F7FBEB38}.Release|Any CPU.ActiveCfg = Release|Any CPU
		{6261151C-CD68-4B47-86FE-3D04F7FBEB38}.Release|Any CPU.Build.0 = Release|Any CPU
		{24EC9AA3-71A7-4CE6-9149-F1693DC447C7}.Debug|Any CPU.ActiveCfg = Debug|Any CPU
		{24EC9AA3-71A7-4CE6-9149-F1693DC447C7}.Debug|Any CPU.Build.0 = Debug|Any CPU
		{24EC9AA3-71A7-4CE6-9149-F1693DC447C7}.Release|Any CPU.ActiveCfg = Release|Any CPU
		{24EC9AA3-71A7-4CE6-9149-F1693DC447C7}.Release|Any CPU.Build.0 = Release|Any CPU
		{CFAD8713-0F65-4B94-AC76-E248EA303BF0}.Debug|Any CPU.ActiveCfg = Debug|Any CPU
		{CFAD8713-0F65-4B94-AC76-E248EA303BF0}.Debug|Any CPU.Build.0 = Debug|Any CPU
		{CFAD8713-0F65-4B94-AC76-E248EA303BF0}.Release|Any CPU.ActiveCfg = Release|Any CPU
		{CFAD8713-0F65-4B94-AC76-E248EA303BF0}.Release|Any CPU.Build.0 = Release|Any CPU
		{2A2DDDBC-4837-4A78-AA2F-D4F5DB170C18}.Debug|Any CPU.ActiveCfg = Debug|Any CPU
		{2A2DDDBC-4837-4A78-AA2F-D4F5DB170C18}.Debug|Any CPU.Build.0 = Debug|Any CPU
		{2A2DDDBC-4837-4A78-AA2F-D4F5DB170C18}.Release|Any CPU.ActiveCfg = Release|Any CPU
		{2A2DDDBC-4837-4A78-AA2F-D4F5DB170C18}.Release|Any CPU.Build.0 = Release|Any CPU
		{E1932844-B12A-41D5-9978-E34898FC854D}.Debug|Any CPU.ActiveCfg = Debug|Any CPU
		{E1932844-B12A-41D5-9978-E34898FC854D}.Debug|Any CPU.Build.0 = Debug|Any CPU
		{E1932844-B12A-41D5-9978-E34898FC854D}.Release|Any CPU.ActiveCfg = Release|Any CPU
		{E1932844-B12A-41D5-9978-E34898FC854D}.Release|Any CPU.Build.0 = Release|Any CPU
		{C8FEBE99-F898-4392-98CE-6840800D807D}.Debug|Any CPU.ActiveCfg = Debug|Any CPU
		{C8FEBE99-F898-4392-98CE-6840800D807D}.Debug|Any CPU.Build.0 = Debug|Any CPU
		{C8FEBE99-F898-4392-98CE-6840800D807D}.Release|Any CPU.ActiveCfg = Release|Any CPU
		{C8FEBE99-F898-4392-98CE-6840800D807D}.Release|Any CPU.Build.0 = Release|Any CPU
		{9BC6F95E-8556-4ADE-8581-792668C93D7F}.Debug|Any CPU.ActiveCfg = Debug|Any CPU
		{9BC6F95E-8556-4ADE-8581-792668C93D7F}.Debug|Any CPU.Build.0 = Debug|Any CPU
		{9BC6F95E-8556-4ADE-8581-792668C93D7F}.Release|Any CPU.ActiveCfg = Release|Any CPU
		{9BC6F95E-8556-4ADE-8581-792668C93D7F}.Release|Any CPU.Build.0 = Release|Any CPU
		{17773306-A486-41DC-8CA2-FC345845EDD9}.Debug|Any CPU.ActiveCfg = Debug|Any CPU
		{17773306-A486-41DC-8CA2-FC345845EDD9}.Debug|Any CPU.Build.0 = Debug|Any CPU
		{17773306-A486-41DC-8CA2-FC345845EDD9}.Release|Any CPU.ActiveCfg = Release|Any CPU
		{17773306-A486-41DC-8CA2-FC345845EDD9}.Release|Any CPU.Build.0 = Release|Any CPU
		{A8594ACA-054B-4F04-8696-07119C5AE238}.Debug|Any CPU.ActiveCfg = Debug|Any CPU
		{A8594ACA-054B-4F04-8696-07119C5AE238}.Debug|Any CPU.Build.0 = Debug|Any CPU
		{A8594ACA-054B-4F04-8696-07119C5AE238}.Release|Any CPU.ActiveCfg = Release|Any CPU
		{A8594ACA-054B-4F04-8696-07119C5AE238}.Release|Any CPU.Build.0 = Release|Any CPU
		{45985581-EF77-417E-B607-795EFE3AD720}.Debug|Any CPU.ActiveCfg = Debug|Any CPU
		{45985581-EF77-417E-B607-795EFE3AD720}.Debug|Any CPU.Build.0 = Debug|Any CPU
		{45985581-EF77-417E-B607-795EFE3AD720}.Release|Any CPU.ActiveCfg = Release|Any CPU
		{45985581-EF77-417E-B607-795EFE3AD720}.Release|Any CPU.Build.0 = Release|Any CPU
		{EC433F34-B548-47C1-9A89-F2AD20B2565B}.Debug|Any CPU.ActiveCfg = Debug|Any CPU
		{EC433F34-B548-47C1-9A89-F2AD20B2565B}.Debug|Any CPU.Build.0 = Debug|Any CPU
		{EC433F34-B548-47C1-9A89-F2AD20B2565B}.Release|Any CPU.ActiveCfg = Release|Any CPU
		{EC433F34-B548-47C1-9A89-F2AD20B2565B}.Release|Any CPU.Build.0 = Release|Any CPU
		{86ED77E0-F5E4-4676-BEB7-051C568CC1C8}.Debug|Any CPU.ActiveCfg = Debug|Any CPU
		{86ED77E0-F5E4-4676-BEB7-051C568CC1C8}.Debug|Any CPU.Build.0 = Debug|Any CPU
		{86ED77E0-F5E4-4676-BEB7-051C568CC1C8}.Release|Any CPU.ActiveCfg = Release|Any CPU
		{86ED77E0-F5E4-4676-BEB7-051C568CC1C8}.Release|Any CPU.Build.0 = Release|Any CPU
		{76386918-032B-4A71-A402-8394D817BFA3}.Debug|Any CPU.ActiveCfg = Debug|Any CPU
		{76386918-032B-4A71-A402-8394D817BFA3}.Debug|Any CPU.Build.0 = Debug|Any CPU
		{76386918-032B-4A71-A402-8394D817BFA3}.Release|Any CPU.ActiveCfg = Release|Any CPU
		{76386918-032B-4A71-A402-8394D817BFA3}.Release|Any CPU.Build.0 = Release|Any CPU
		{6D5D1452-8BFC-47D3-AE36-832494E6E6A6}.Debug|Any CPU.ActiveCfg = Debug|Any CPU
		{6D5D1452-8BFC-47D3-AE36-832494E6E6A6}.Debug|Any CPU.Build.0 = Debug|Any CPU
		{6D5D1452-8BFC-47D3-AE36-832494E6E6A6}.Release|Any CPU.ActiveCfg = Release|Any CPU
		{6D5D1452-8BFC-47D3-AE36-832494E6E6A6}.Release|Any CPU.Build.0 = Release|Any CPU
		{C9FE4B3D-0419-4718-88F4-983D93F70FB0}.Debug|Any CPU.ActiveCfg = Debug|Any CPU
		{C9FE4B3D-0419-4718-88F4-983D93F70FB0}.Debug|Any CPU.Build.0 = Debug|Any CPU
		{C9FE4B3D-0419-4718-88F4-983D93F70FB0}.Release|Any CPU.ActiveCfg = Release|Any CPU
		{C9FE4B3D-0419-4718-88F4-983D93F70FB0}.Release|Any CPU.Build.0 = Release|Any CPU
		{C768785B-78EB-499B-9B35-8CFE0DDF960E}.Debug|Any CPU.ActiveCfg = Debug|Any CPU
		{C768785B-78EB-499B-9B35-8CFE0DDF960E}.Debug|Any CPU.Build.0 = Debug|Any CPU
		{C768785B-78EB-499B-9B35-8CFE0DDF960E}.Release|Any CPU.ActiveCfg = Release|Any CPU
		{C768785B-78EB-499B-9B35-8CFE0DDF960E}.Release|Any CPU.Build.0 = Release|Any CPU
		{5880F2F2-93A6-4899-BE04-2BF4C4A9D4FF}.Debug|Any CPU.ActiveCfg = Debug|Any CPU
		{5880F2F2-93A6-4899-BE04-2BF4C4A9D4FF}.Debug|Any CPU.Build.0 = Debug|Any CPU
		{5880F2F2-93A6-4899-BE04-2BF4C4A9D4FF}.Release|Any CPU.ActiveCfg = Release|Any CPU
		{5880F2F2-93A6-4899-BE04-2BF4C4A9D4FF}.Release|Any CPU.Build.0 = Release|Any CPU
		{30143531-3E30-4DCD-95E6-FD3D2F2E6547}.Debug|Any CPU.ActiveCfg = Debug|Any CPU
		{30143531-3E30-4DCD-95E6-FD3D2F2E6547}.Debug|Any CPU.Build.0 = Debug|Any CPU
		{30143531-3E30-4DCD-95E6-FD3D2F2E6547}.Release|Any CPU.ActiveCfg = Release|Any CPU
		{30143531-3E30-4DCD-95E6-FD3D2F2E6547}.Release|Any CPU.Build.0 = Release|Any CPU
		{DF8F5684-6730-473C-898C-DD9E174BA101}.Debug|Any CPU.ActiveCfg = Debug|Any CPU
		{DF8F5684-6730-473C-898C-DD9E174BA101}.Debug|Any CPU.Build.0 = Debug|Any CPU
		{DF8F5684-6730-473C-898C-DD9E174BA101}.Release|Any CPU.ActiveCfg = Release|Any CPU
		{DF8F5684-6730-473C-898C-DD9E174BA101}.Release|Any CPU.Build.0 = Release|Any CPU
		{2D5371BA-6E23-4B31-9F8A-91960D20C01D}.Debug|Any CPU.ActiveCfg = Debug|Any CPU
		{2D5371BA-6E23-4B31-9F8A-91960D20C01D}.Debug|Any CPU.Build.0 = Debug|Any CPU
		{2D5371BA-6E23-4B31-9F8A-91960D20C01D}.Release|Any CPU.ActiveCfg = Release|Any CPU
		{2D5371BA-6E23-4B31-9F8A-91960D20C01D}.Release|Any CPU.Build.0 = Release|Any CPU
		{4F59B645-8E82-4FAD-8960-9887664A6C38}.Debug|Any CPU.ActiveCfg = Debug|Any CPU
		{4F59B645-8E82-4FAD-8960-9887664A6C38}.Debug|Any CPU.Build.0 = Debug|Any CPU
		{4F59B645-8E82-4FAD-8960-9887664A6C38}.Release|Any CPU.ActiveCfg = Release|Any CPU
		{4F59B645-8E82-4FAD-8960-9887664A6C38}.Release|Any CPU.Build.0 = Release|Any CPU
		{15FC8637-40BF-4E05-8104-3BE5CC872F9D}.Debug|Any CPU.ActiveCfg = Debug|Any CPU
		{15FC8637-40BF-4E05-8104-3BE5CC872F9D}.Debug|Any CPU.Build.0 = Debug|Any CPU
		{15FC8637-40BF-4E05-8104-3BE5CC872F9D}.Release|Any CPU.ActiveCfg = Release|Any CPU
		{15FC8637-40BF-4E05-8104-3BE5CC872F9D}.Release|Any CPU.Build.0 = Release|Any CPU
		{DA33E0F2-FA97-4570-92F7-7317A5AC675B}.Debug|Any CPU.ActiveCfg = Debug|Any CPU
		{DA33E0F2-FA97-4570-92F7-7317A5AC675B}.Debug|Any CPU.Build.0 = Debug|Any CPU
		{DA33E0F2-FA97-4570-92F7-7317A5AC675B}.Release|Any CPU.ActiveCfg = Release|Any CPU
		{DA33E0F2-FA97-4570-92F7-7317A5AC675B}.Release|Any CPU.Build.0 = Release|Any CPU
		{1C8EBC9F-7F23-4E49-AE90-A4B386B6A2A5}.Debug|Any CPU.ActiveCfg = Debug|Any CPU
		{1C8EBC9F-7F23-4E49-AE90-A4B386B6A2A5}.Debug|Any CPU.Build.0 = Debug|Any CPU
		{1C8EBC9F-7F23-4E49-AE90-A4B386B6A2A5}.Release|Any CPU.ActiveCfg = Release|Any CPU
		{1C8EBC9F-7F23-4E49-AE90-A4B386B6A2A5}.Release|Any CPU.Build.0 = Release|Any CPU
		{56C20CFF-5733-4F98-958A-D90B172B2D98}.Debug|Any CPU.ActiveCfg = Debug|Any CPU
		{56C20CFF-5733-4F98-958A-D90B172B2D98}.Debug|Any CPU.Build.0 = Debug|Any CPU
		{56C20CFF-5733-4F98-958A-D90B172B2D98}.Release|Any CPU.ActiveCfg = Release|Any CPU
		{56C20CFF-5733-4F98-958A-D90B172B2D98}.Release|Any CPU.Build.0 = Release|Any CPU
		{84A49F5E-94AE-4600-B744-00666E34C699}.Debug|Any CPU.ActiveCfg = Debug|Any CPU
		{84A49F5E-94AE-4600-B744-00666E34C699}.Debug|Any CPU.Build.0 = Debug|Any CPU
		{84A49F5E-94AE-4600-B744-00666E34C699}.Release|Any CPU.ActiveCfg = Release|Any CPU
		{84A49F5E-94AE-4600-B744-00666E34C699}.Release|Any CPU.Build.0 = Release|Any CPU
		{64B805DF-67CE-4D8A-A593-9D4476EFD9A9}.Debug|Any CPU.ActiveCfg = Debug|Any CPU
		{64B805DF-67CE-4D8A-A593-9D4476EFD9A9}.Debug|Any CPU.Build.0 = Debug|Any CPU
		{64B805DF-67CE-4D8A-A593-9D4476EFD9A9}.Release|Any CPU.ActiveCfg = Release|Any CPU
		{64B805DF-67CE-4D8A-A593-9D4476EFD9A9}.Release|Any CPU.Build.0 = Release|Any CPU
		{DB7B883B-BD63-4C27-95BF-1F1C5056D1FE}.Debug|Any CPU.ActiveCfg = Debug|Any CPU
		{DB7B883B-BD63-4C27-95BF-1F1C5056D1FE}.Debug|Any CPU.Build.0 = Debug|Any CPU
		{DB7B883B-BD63-4C27-95BF-1F1C5056D1FE}.Release|Any CPU.ActiveCfg = Release|Any CPU
		{DB7B883B-BD63-4C27-95BF-1F1C5056D1FE}.Release|Any CPU.Build.0 = Release|Any CPU
		{33BA1173-2D37-42F5-9608-77E527A539D0}.Debug|Any CPU.ActiveCfg = Debug|Any CPU
		{33BA1173-2D37-42F5-9608-77E527A539D0}.Debug|Any CPU.Build.0 = Debug|Any CPU
		{33BA1173-2D37-42F5-9608-77E527A539D0}.Release|Any CPU.ActiveCfg = Release|Any CPU
		{33BA1173-2D37-42F5-9608-77E527A539D0}.Release|Any CPU.Build.0 = Release|Any CPU
		{CEF7F178-7B5D-48B7-87CB-5D75B2D4B58F}.Debug|Any CPU.ActiveCfg = Debug|Any CPU
		{CEF7F178-7B5D-48B7-87CB-5D75B2D4B58F}.Debug|Any CPU.Build.0 = Debug|Any CPU
		{CEF7F178-7B5D-48B7-87CB-5D75B2D4B58F}.Release|Any CPU.ActiveCfg = Release|Any CPU
		{CEF7F178-7B5D-48B7-87CB-5D75B2D4B58F}.Release|Any CPU.Build.0 = Release|Any CPU
		{E1F6C589-A9C1-4689-9EAA-EE1F6BE16E5E}.Debug|Any CPU.ActiveCfg = Debug|Any CPU
		{E1F6C589-A9C1-4689-9EAA-EE1F6BE16E5E}.Debug|Any CPU.Build.0 = Debug|Any CPU
		{E1F6C589-A9C1-4689-9EAA-EE1F6BE16E5E}.Release|Any CPU.ActiveCfg = Release|Any CPU
		{E1F6C589-A9C1-4689-9EAA-EE1F6BE16E5E}.Release|Any CPU.Build.0 = Release|Any CPU
		{7B034DAC-D508-42CE-9B5E-963BBCBF70D5}.Debug|Any CPU.ActiveCfg = Debug|Any CPU
		{7B034DAC-D508-42CE-9B5E-963BBCBF70D5}.Debug|Any CPU.Build.0 = Debug|Any CPU
		{7B034DAC-D508-42CE-9B5E-963BBCBF70D5}.Release|Any CPU.ActiveCfg = Release|Any CPU
		{7B034DAC-D508-42CE-9B5E-963BBCBF70D5}.Release|Any CPU.Build.0 = Release|Any CPU
		{5D78FFDF-F273-4192-BC29-C4206E82F022}.Debug|Any CPU.ActiveCfg = Debug|Any CPU
		{5D78FFDF-F273-4192-BC29-C4206E82F022}.Debug|Any CPU.Build.0 = Debug|Any CPU
		{5D78FFDF-F273-4192-BC29-C4206E82F022}.Release|Any CPU.ActiveCfg = Release|Any CPU
		{5D78FFDF-F273-4192-BC29-C4206E82F022}.Release|Any CPU.Build.0 = Release|Any CPU
		{C63B53D3-A524-48A8-9973-24D498008ADD}.Debug|Any CPU.ActiveCfg = Debug|Any CPU
		{C63B53D3-A524-48A8-9973-24D498008ADD}.Debug|Any CPU.Build.0 = Debug|Any CPU
		{C63B53D3-A524-48A8-9973-24D498008ADD}.Release|Any CPU.ActiveCfg = Release|Any CPU
		{C63B53D3-A524-48A8-9973-24D498008ADD}.Release|Any CPU.Build.0 = Release|Any CPU
		{9CCB1657-4011-40EA-8F01-17F8401999B8}.Debug|Any CPU.ActiveCfg = Debug|Any CPU
		{9CCB1657-4011-40EA-8F01-17F8401999B8}.Debug|Any CPU.Build.0 = Debug|Any CPU
		{9CCB1657-4011-40EA-8F01-17F8401999B8}.Release|Any CPU.ActiveCfg = Release|Any CPU
		{9CCB1657-4011-40EA-8F01-17F8401999B8}.Release|Any CPU.Build.0 = Release|Any CPU
	EndGlobalSection
	GlobalSection(SolutionProperties) = preSolution
		HideSolutionNode = FALSE
	EndGlobalSection
	GlobalSection(NestedProjects) = preSolution
		{81F34254-F081-4202-B9B8-5D60AFA45A49} = {89F4955E-12E9-406B-A518-22841997978A}
		{CDDAB655-DE7F-4B51-880D-06BB72B2A440} = {81F34254-F081-4202-B9B8-5D60AFA45A49}
		{107004BC-2EA6-4FE7-9D75-09138D45AD60} = {89F4955E-12E9-406B-A518-22841997978A}
		{AE3AFFBB-6A9C-46B2-A4DB-C59222F5651E} = {107004BC-2EA6-4FE7-9D75-09138D45AD60}
		{6EFE8298-E75F-499B-B137-9C3E174F5A73} = {107004BC-2EA6-4FE7-9D75-09138D45AD60}
		{7D9127C2-AABF-46BC-887D-EAFC1A8D12FD} = {107004BC-2EA6-4FE7-9D75-09138D45AD60}
		{0794E75B-111A-44E0-B23F-520C4B1C1584} = {107004BC-2EA6-4FE7-9D75-09138D45AD60}
		{2C7C49DB-2447-442A-8F7E-6CF66C8C55DE} = {89F4955E-12E9-406B-A518-22841997978A}
		{5092E560-FE11-4FC5-B220-96E3EDAB1D86} = {2C7C49DB-2447-442A-8F7E-6CF66C8C55DE}
		{DC6E5739-1CC5-41C0-85FD-EAB9B0CFFE38} = {970DC74A-723E-4FFB-BA88-082F92F92BDA}
		{6261151C-CD68-4B47-86FE-3D04F7FBEB38} = {5092E560-FE11-4FC5-B220-96E3EDAB1D86}
		{24EC9AA3-71A7-4CE6-9149-F1693DC447C7} = {5092E560-FE11-4FC5-B220-96E3EDAB1D86}
		{CFAD8713-0F65-4B94-AC76-E248EA303BF0} = {5092E560-FE11-4FC5-B220-96E3EDAB1D86}
		{2A2DDDBC-4837-4A78-AA2F-D4F5DB170C18} = {5092E560-FE11-4FC5-B220-96E3EDAB1D86}
		{055610AE-D831-45A6-896B-823FC4906EC8} = {970DC74A-723E-4FFB-BA88-082F92F92BDA}
		{2FE4F575-EE1E-4F1E-B04C-0D840A7D29EE} = {2C7C49DB-2447-442A-8F7E-6CF66C8C55DE}
		{E1932844-B12A-41D5-9978-E34898FC854D} = {2FE4F575-EE1E-4F1E-B04C-0D840A7D29EE}
		{C8FEBE99-F898-4392-98CE-6840800D807D} = {2FE4F575-EE1E-4F1E-B04C-0D840A7D29EE}
		{9BC6F95E-8556-4ADE-8581-792668C93D7F} = {2FE4F575-EE1E-4F1E-B04C-0D840A7D29EE}
		{17773306-A486-41DC-8CA2-FC345845EDD9} = {2FE4F575-EE1E-4F1E-B04C-0D840A7D29EE}
		{695CCFD1-CB0F-4B1A-898F-6653A79A8496} = {970DC74A-723E-4FFB-BA88-082F92F92BDA}
		{A8594ACA-054B-4F04-8696-07119C5AE238} = {2FE4F575-EE1E-4F1E-B04C-0D840A7D29EE}
		{B047FF41-F114-4B1D-9B7E-B01CCA1AB981} = {970DC74A-723E-4FFB-BA88-082F92F92BDA}
		{45985581-EF77-417E-B607-795EFE3AD720} = {5092E560-FE11-4FC5-B220-96E3EDAB1D86}
		{E16C29D4-DF81-460C-87C8-939768A5C49B} = {2C7C49DB-2447-442A-8F7E-6CF66C8C55DE}
		{A5011279-1873-42DA-A6B1-4D5AC9B01BAE} = {2C7C49DB-2447-442A-8F7E-6CF66C8C55DE}
		{6C5FD245-E9CE-4B2D-8EF4-C01AA375D213} = {2C7C49DB-2447-442A-8F7E-6CF66C8C55DE}
		{5CDBC776-1506-459E-AAB6-86CA12392B1A} = {2C7C49DB-2447-442A-8F7E-6CF66C8C55DE}
		{EC433F34-B548-47C1-9A89-F2AD20B2565B} = {E16C29D4-DF81-460C-87C8-939768A5C49B}
		{86ED77E0-F5E4-4676-BEB7-051C568CC1C8} = {E16C29D4-DF81-460C-87C8-939768A5C49B}
		{76386918-032B-4A71-A402-8394D817BFA3} = {E16C29D4-DF81-460C-87C8-939768A5C49B}
		{6D5D1452-8BFC-47D3-AE36-832494E6E6A6} = {E16C29D4-DF81-460C-87C8-939768A5C49B}
		{C9FE4B3D-0419-4718-88F4-983D93F70FB0} = {E16C29D4-DF81-460C-87C8-939768A5C49B}
		{C768785B-78EB-499B-9B35-8CFE0DDF960E} = {A5011279-1873-42DA-A6B1-4D5AC9B01BAE}
		{5880F2F2-93A6-4899-BE04-2BF4C4A9D4FF} = {A5011279-1873-42DA-A6B1-4D5AC9B01BAE}
		{30143531-3E30-4DCD-95E6-FD3D2F2E6547} = {A5011279-1873-42DA-A6B1-4D5AC9B01BAE}
		{DF8F5684-6730-473C-898C-DD9E174BA101} = {A5011279-1873-42DA-A6B1-4D5AC9B01BAE}
		{2D5371BA-6E23-4B31-9F8A-91960D20C01D} = {A5011279-1873-42DA-A6B1-4D5AC9B01BAE}
		{4F59B645-8E82-4FAD-8960-9887664A6C38} = {6C5FD245-E9CE-4B2D-8EF4-C01AA375D213}
		{15FC8637-40BF-4E05-8104-3BE5CC872F9D} = {6C5FD245-E9CE-4B2D-8EF4-C01AA375D213}
		{DA33E0F2-FA97-4570-92F7-7317A5AC675B} = {6C5FD245-E9CE-4B2D-8EF4-C01AA375D213}
		{1C8EBC9F-7F23-4E49-AE90-A4B386B6A2A5} = {6C5FD245-E9CE-4B2D-8EF4-C01AA375D213}
		{56C20CFF-5733-4F98-958A-D90B172B2D98} = {6C5FD245-E9CE-4B2D-8EF4-C01AA375D213}
		{84A49F5E-94AE-4600-B744-00666E34C699} = {5CDBC776-1506-459E-AAB6-86CA12392B1A}
		{64B805DF-67CE-4D8A-A593-9D4476EFD9A9} = {5CDBC776-1506-459E-AAB6-86CA12392B1A}
		{DB7B883B-BD63-4C27-95BF-1F1C5056D1FE} = {5CDBC776-1506-459E-AAB6-86CA12392B1A}
		{33BA1173-2D37-42F5-9608-77E527A539D0} = {5CDBC776-1506-459E-AAB6-86CA12392B1A}
		{CEF7F178-7B5D-48B7-87CB-5D75B2D4B58F} = {5CDBC776-1506-459E-AAB6-86CA12392B1A}
		{4CAC14AA-5EA9-4261-9412-BD27D0962A88} = {7FBFDA95-612B-46D2-ACCF-98B9C9DD04C0}
		{E1F6C589-A9C1-4689-9EAA-EE1F6BE16E5E} = {4CAC14AA-5EA9-4261-9412-BD27D0962A88}
		{7B034DAC-D508-42CE-9B5E-963BBCBF70D5} = {2FE4F575-EE1E-4F1E-B04C-0D840A7D29EE}
		{5D78FFDF-F273-4192-BC29-C4206E82F022} = {E16C29D4-DF81-460C-87C8-939768A5C49B}
		{C63B53D3-A524-48A8-9973-24D498008ADD} = {5092E560-FE11-4FC5-B220-96E3EDAB1D86}
		{9CCB1657-4011-40EA-8F01-17F8401999B8} = {2FE4F575-EE1E-4F1E-B04C-0D840A7D29EE}
	EndGlobalSection
	GlobalSection(ExtensibilityGlobals) = postSolution
		SolutionGuid = {192892C5-BCB1-45D1-B153-239900D043FF}
	EndGlobalSection
EndGlobal
