
Microsoft Visual Studio Solution File, Format Version 12.00
# Visual Studio Version 17
VisualStudioVersion = 17.0.31903.59
MinimumVisualStudioVersion = 10.0.40219.1
Project("{2150E333-8FDC-42A3-9474-1A3956D46DE8}") = "src", "src", "{89F4955E-12E9-406B-A518-22841997978A}"
EndProject
Project("{2150E333-8FDC-42A3-9474-1A3956D46DE8}") = "api", "api", "{81F34254-F081-4202-B9B8-5D60AFA45A49}"
EndProject
Project("{9A19103F-16F7-4668-BE54-9A1E7A4F7556}") = "WLCS.Api", "src\api\WLCS.Api\WLCS.Api.csproj", "{CDDAB655-DE7F-4B51-880D-06BB72B2A440}"
EndProject
Project("{2150E333-8FDC-42A3-9474-1A3956D46DE8}") = "common", "common", "{107004BC-2EA6-4FE7-9D75-09138D45AD60}"
EndProject
Project("{9A19103F-16F7-4668-BE54-9A1E7A4F7556}") = "WLCS.Common.Application", "src\common\WLCS.Common.Application\WLCS.Common.Application.csproj", "{AE3AFFBB-6A9C-46B2-A4DB-C59222F5651E}"
EndProject
Project("{9A19103F-16F7-4668-BE54-9A1E7A4F7556}") = "WLCS.Common.Domain", "src\common\WLCS.Common.Domain\WLCS.Common.Domain.csproj", "{6EFE8298-E75F-499B-B137-9C3E174F5A73}"
EndProject
Project("{9A19103F-16F7-4668-BE54-9A1E7A4F7556}") = "WLCS.Common.Infrastructure", "src\common\WLCS.Common.Infrastructure\WLCS.Common.Infrastructure.csproj", "{7D9127C2-AABF-46BC-887D-EAFC1A8D12FD}"
EndProject
Project("{9A19103F-16F7-4668-BE54-9A1E7A4F7556}") = "WLCS.Common.Presentation", "src\common\WLCS.Common.Presentation\WLCS.Common.Presentation.csproj", "{0794E75B-111A-44E0-B23F-520C4B1C1584}"
EndProject
Project("{2150E333-8FDC-42A3-9474-1A3956D46DE8}") = "Solution Items", "Solution Items", "{C8D84849-06C2-480B-AAD4-56FB595F71F1}"
	ProjectSection(SolutionItems) = preProject
		.editorconfig = .editorconfig
		.gitignore = .gitignore
		Directory.Build.props = Directory.Build.props
		global.json = global.json
		stylecop.json = stylecop.json
	EndProjectSection
EndProject
Project("{E53339B2-1760-4266-BCC7-CA923CBCF16C}") = "docker-compose", "docker-compose.dcproj", "{5D260CE9-281D-4E68-BB58-8C3FD86F4B87}"
EndProject
Project("{2150E333-8FDC-42A3-9474-1A3956D46DE8}") = "modules", "modules", "{2C7C49DB-2447-442A-8F7E-6CF66C8C55DE}"
EndProject
Project("{2150E333-8FDC-42A3-9474-1A3956D46DE8}") = "Competition", "Competition", "{5092E560-FE11-4FC5-B220-96E3EDAB1D86}"
EndProject
Project("{2150E333-8FDC-42A3-9474-1A3956D46DE8}") = "requests", "requests", "{970DC74A-723E-4FFB-BA88-082F92F92BDA}"
	ProjectSection(SolutionItems) = preProject
		requests\http-client.env.json = requests\http-client.env.json
	EndProjectSection
EndProject
Project("{2150E333-8FDC-42A3-9474-1A3956D46DE8}") = "Competitions", "Competitions", "{DC6E5739-1CC5-41C0-85FD-EAB9B0CFFE38}"
	ProjectSection(SolutionItems) = preProject
		requests\Competitions\CreateMeet.http = requests\Competitions\CreateMeet.http
		requests\Competitions\GetMeet.http = requests\Competitions\GetMeet.http
	EndProjectSection
EndProject
Project("{9A19103F-16F7-4668-BE54-9A1E7A4F7556}") = "WLCS.Modules.Competition.Domain", "src\modules\Competition\WLCS.Modules.Competition.Domain\WLCS.Modules.Competition.Domain.csproj", "{6261151C-CD68-4B47-86FE-3D04F7FBEB38}"
EndProject
Project("{9A19103F-16F7-4668-BE54-9A1E7A4F7556}") = "WLCS.Modules.Competition.Application", "src\modules\Competition\WLCS.Modules.Competition.Application\WLCS.Modules.Competition.Application.csproj", "{24EC9AA3-71A7-4CE6-9149-F1693DC447C7}"
EndProject
Project("{9A19103F-16F7-4668-BE54-9A1E7A4F7556}") = "WLCS.Modules.Competition.Infrastructure", "src\modules\Competition\WLCS.Modules.Competition.Infrastructure\WLCS.Modules.Competition.Infrastructure.csproj", "{CFAD8713-0F65-4B94-AC76-E248EA303BF0}"
EndProject
Project("{9A19103F-16F7-4668-BE54-9A1E7A4F7556}") = "WLCS.Modules.Competition.Presentation", "src\modules\Competition\WLCS.Modules.Competition.Presentation\WLCS.Modules.Competition.Presentation.csproj", "{2A2DDDBC-4837-4A78-AA2F-D4F5DB170C18}"
EndProject
Project("{2150E333-8FDC-42A3-9474-1A3956D46DE8}") = "Health", "Health", "{055610AE-D831-45A6-896B-823FC4906EC8}"
	ProjectSection(SolutionItems) = preProject
		requests\Health\GetHealth.http = requests\Health\GetHealth.http
	EndProjectSection
EndProject
Project("{2150E333-8FDC-42A3-9474-1A3956D46DE8}") = "Administration", "Administration", "{2FE4F575-EE1E-4F1E-B04C-0D840A7D29EE}"
EndProject
Project("{9A19103F-16F7-4668-BE54-9A1E7A4F7556}") = "WLCS.Modules.Administration.Application", "src\modules\Administration\WLCS.Modules.Administration.Application\WLCS.Modules.Administration.Application.csproj", "{E1932844-B12A-41D5-9978-E34898FC854D}"
EndProject
Project("{9A19103F-16F7-4668-BE54-9A1E7A4F7556}") = "WLCS.Modules.Administration.Domain", "src\modules\Administration\WLCS.Modules.Administration.Domain\WLCS.Modules.Administration.Domain.csproj", "{C8FEBE99-F898-4392-98CE-6840800D807D}"
EndProject
Project("{9A19103F-16F7-4668-BE54-9A1E7A4F7556}") = "WLCS.Modules.Administration.Infrastructure", "src\modules\Administration\WLCS.Modules.Administration.Infrastructure\WLCS.Modules.Administration.Infrastructure.csproj", "{9BC6F95E-8556-4ADE-8581-792668C93D7F}"
EndProject
Project("{9A19103F-16F7-4668-BE54-9A1E7A4F7556}") = "WLCS.Modules.Administration.Presentation", "src\modules\Administration\WLCS.Modules.Administration.Presentation\WLCS.Modules.Administration.Presentation.csproj", "{17773306-A486-41DC-8CA2-FC345845EDD9}"
EndProject
Project("{2150E333-8FDC-42A3-9474-1A3956D46DE8}") = "Users", "Users", "{695CCFD1-CB0F-4B1A-898F-6653A79A8496}"
	ProjectSection(SolutionItems) = preProject
		requests\Users\RegisterUser.http = requests\Users\RegisterUser.http
	EndProjectSection
EndProject
Project("{FAE04EC0-301F-11D3-BF4B-00C04F79EFBC}") = "WLCS.Modules.Administration.IntegrationEvents", "src\modules\Administration\WLCS.Modules.Administration.IntegrationEvents\WLCS.Modules.Administration.IntegrationEvents.csproj", "{A8594ACA-054B-4F04-8696-07119C5AE238}"
EndProject
Project("{2150E333-8FDC-42A3-9474-1A3956D46DE8}") = "Identity", "Identity", "{B047FF41-F114-4B1D-9B7E-B01CCA1AB981}"
	ProjectSection(SolutionItems) = preProject
		requests\Identity\Login.http = requests\Identity\Login.http
	EndProjectSection
EndProject
Global
	GlobalSection(SolutionConfigurationPlatforms) = preSolution
		Debug|Any CPU = Debug|Any CPU
		Release|Any CPU = Release|Any CPU
	EndGlobalSection
	GlobalSection(ProjectConfigurationPlatforms) = postSolution
		{CDDAB655-DE7F-4B51-880D-06BB72B2A440}.Debug|Any CPU.ActiveCfg = Debug|Any CPU
		{CDDAB655-DE7F-4B51-880D-06BB72B2A440}.Debug|Any CPU.Build.0 = Debug|Any CPU
		{CDDAB655-DE7F-4B51-880D-06BB72B2A440}.Release|Any CPU.ActiveCfg = Release|Any CPU
		{CDDAB655-DE7F-4B51-880D-06BB72B2A440}.Release|Any CPU.Build.0 = Release|Any CPU
		{AE3AFFBB-6A9C-46B2-A4DB-C59222F5651E}.Debug|Any CPU.ActiveCfg = Debug|Any CPU
		{AE3AFFBB-6A9C-46B2-A4DB-C59222F5651E}.Debug|Any CPU.Build.0 = Debug|Any CPU
		{AE3AFFBB-6A9C-46B2-A4DB-C59222F5651E}.Release|Any CPU.ActiveCfg = Release|Any CPU
		{AE3AFFBB-6A9C-46B2-A4DB-C59222F5651E}.Release|Any CPU.Build.0 = Release|Any CPU
		{6EFE8298-E75F-499B-B137-9C3E174F5A73}.Debug|Any CPU.ActiveCfg = Debug|Any CPU
		{6EFE8298-E75F-499B-B137-9C3E174F5A73}.Debug|Any CPU.Build.0 = Debug|Any CPU
		{6EFE8298-E75F-499B-B137-9C3E174F5A73}.Release|Any CPU.ActiveCfg = Release|Any CPU
		{6EFE8298-E75F-499B-B137-9C3E174F5A73}.Release|Any CPU.Build.0 = Release|Any CPU
		{7D9127C2-AABF-46BC-887D-EAFC1A8D12FD}.Debug|Any CPU.ActiveCfg = Debug|Any CPU
		{7D9127C2-AABF-46BC-887D-EAFC1A8D12FD}.Debug|Any CPU.Build.0 = Debug|Any CPU
		{7D9127C2-AABF-46BC-887D-EAFC1A8D12FD}.Release|Any CPU.ActiveCfg = Release|Any CPU
		{7D9127C2-AABF-46BC-887D-EAFC1A8D12FD}.Release|Any CPU.Build.0 = Release|Any CPU
		{0794E75B-111A-44E0-B23F-520C4B1C1584}.Debug|Any CPU.ActiveCfg = Debug|Any CPU
		{0794E75B-111A-44E0-B23F-520C4B1C1584}.Debug|Any CPU.Build.0 = Debug|Any CPU
		{0794E75B-111A-44E0-B23F-520C4B1C1584}.Release|Any CPU.ActiveCfg = Release|Any CPU
		{0794E75B-111A-44E0-B23F-520C4B1C1584}.Release|Any CPU.Build.0 = Release|Any CPU
		{5D260CE9-281D-4E68-BB58-8C3FD86F4B87}.Debug|Any CPU.ActiveCfg = Debug|Any CPU
		{5D260CE9-281D-4E68-BB58-8C3FD86F4B87}.Debug|Any CPU.Build.0 = Debug|Any CPU
		{5D260CE9-281D-4E68-BB58-8C3FD86F4B87}.Release|Any CPU.ActiveCfg = Release|Any CPU
		{5D260CE9-281D-4E68-BB58-8C3FD86F4B87}.Release|Any CPU.Build.0 = Release|Any CPU
		{6261151C-CD68-4B47-86FE-3D04F7FBEB38}.Debug|Any CPU.ActiveCfg = Debug|Any CPU
		{6261151C-CD68-4B47-86FE-3D04F7FBEB38}.Debug|Any CPU.Build.0 = Debug|Any CPU
		{6261151C-CD68-4B47-86FE-3D04F7FBEB38}.Release|Any CPU.ActiveCfg = Release|Any CPU
		{6261151C-CD68-4B47-86FE-3D04F7FBEB38}.Release|Any CPU.Build.0 = Release|Any CPU
		{24EC9AA3-71A7-4CE6-9149-F1693DC447C7}.Debug|Any CPU.ActiveCfg = Debug|Any CPU
		{24EC9AA3-71A7-4CE6-9149-F1693DC447C7}.Debug|Any CPU.Build.0 = Debug|Any CPU
		{24EC9AA3-71A7-4CE6-9149-F1693DC447C7}.Release|Any CPU.ActiveCfg = Release|Any CPU
		{24EC9AA3-71A7-4CE6-9149-F1693DC447C7}.Release|Any CPU.Build.0 = Release|Any CPU
		{CFAD8713-0F65-4B94-AC76-E248EA303BF0}.Debug|Any CPU.ActiveCfg = Debug|Any CPU
		{CFAD8713-0F65-4B94-AC76-E248EA303BF0}.Debug|Any CPU.Build.0 = Debug|Any CPU
		{CFAD8713-0F65-4B94-AC76-E248EA303BF0}.Release|Any CPU.ActiveCfg = Release|Any CPU
		{CFAD8713-0F65-4B94-AC76-E248EA303BF0}.Release|Any CPU.Build.0 = Release|Any CPU
		{2A2DDDBC-4837-4A78-AA2F-D4F5DB170C18}.Debug|Any CPU.ActiveCfg = Debug|Any CPU
		{2A2DDDBC-4837-4A78-AA2F-D4F5DB170C18}.Debug|Any CPU.Build.0 = Debug|Any CPU
		{2A2DDDBC-4837-4A78-AA2F-D4F5DB170C18}.Release|Any CPU.ActiveCfg = Release|Any CPU
		{2A2DDDBC-4837-4A78-AA2F-D4F5DB170C18}.Release|Any CPU.Build.0 = Release|Any CPU
		{E1932844-B12A-41D5-9978-E34898FC854D}.Debug|Any CPU.ActiveCfg = Debug|Any CPU
		{E1932844-B12A-41D5-9978-E34898FC854D}.Debug|Any CPU.Build.0 = Debug|Any CPU
		{E1932844-B12A-41D5-9978-E34898FC854D}.Release|Any CPU.ActiveCfg = Release|Any CPU
		{E1932844-B12A-41D5-9978-E34898FC854D}.Release|Any CPU.Build.0 = Release|Any CPU
		{C8FEBE99-F898-4392-98CE-6840800D807D}.Debug|Any CPU.ActiveCfg = Debug|Any CPU
		{C8FEBE99-F898-4392-98CE-6840800D807D}.Debug|Any CPU.Build.0 = Debug|Any CPU
		{C8FEBE99-F898-4392-98CE-6840800D807D}.Release|Any CPU.ActiveCfg = Release|Any CPU
		{C8FEBE99-F898-4392-98CE-6840800D807D}.Release|Any CPU.Build.0 = Release|Any CPU
		{9BC6F95E-8556-4ADE-8581-792668C93D7F}.Debug|Any CPU.ActiveCfg = Debug|Any CPU
		{9BC6F95E-8556-4ADE-8581-792668C93D7F}.Debug|Any CPU.Build.0 = Debug|Any CPU
		{9BC6F95E-8556-4ADE-8581-792668C93D7F}.Release|Any CPU.ActiveCfg = Release|Any CPU
		{9BC6F95E-8556-4ADE-8581-792668C93D7F}.Release|Any CPU.Build.0 = Release|Any CPU
		{17773306-A486-41DC-8CA2-FC345845EDD9}.Debug|Any CPU.ActiveCfg = Debug|Any CPU
		{17773306-A486-41DC-8CA2-FC345845EDD9}.Debug|Any CPU.Build.0 = Debug|Any CPU
		{17773306-A486-41DC-8CA2-FC345845EDD9}.Release|Any CPU.ActiveCfg = Release|Any CPU
		{17773306-A486-41DC-8CA2-FC345845EDD9}.Release|Any CPU.Build.0 = Release|Any CPU
		{A8594ACA-054B-4F04-8696-07119C5AE238}.Debug|Any CPU.ActiveCfg = Debug|Any CPU
		{A8594ACA-054B-4F04-8696-07119C5AE238}.Debug|Any CPU.Build.0 = Debug|Any CPU
		{A8594ACA-054B-4F04-8696-07119C5AE238}.Release|Any CPU.ActiveCfg = Release|Any CPU
		{A8594ACA-054B-4F04-8696-07119C5AE238}.Release|Any CPU.Build.0 = Release|Any CPU
	EndGlobalSection
	GlobalSection(SolutionProperties) = preSolution
		HideSolutionNode = FALSE
	EndGlobalSection
	GlobalSection(NestedProjects) = preSolution
		{81F34254-F081-4202-B9B8-5D60AFA45A49} = {89F4955E-12E9-406B-A518-22841997978A}
		{CDDAB655-DE7F-4B51-880D-06BB72B2A440} = {81F34254-F081-4202-B9B8-5D60AFA45A49}
		{107004BC-2EA6-4FE7-9D75-09138D45AD60} = {89F4955E-12E9-406B-A518-22841997978A}
		{AE3AFFBB-6A9C-46B2-A4DB-C59222F5651E} = {107004BC-2EA6-4FE7-9D75-09138D45AD60}
		{6EFE8298-E75F-499B-B137-9C3E174F5A73} = {107004BC-2EA6-4FE7-9D75-09138D45AD60}
		{7D9127C2-AABF-46BC-887D-EAFC1A8D12FD} = {107004BC-2EA6-4FE7-9D75-09138D45AD60}
		{0794E75B-111A-44E0-B23F-520C4B1C1584} = {107004BC-2EA6-4FE7-9D75-09138D45AD60}
		{2C7C49DB-2447-442A-8F7E-6CF66C8C55DE} = {89F4955E-12E9-406B-A518-22841997978A}
		{5092E560-FE11-4FC5-B220-96E3EDAB1D86} = {2C7C49DB-2447-442A-8F7E-6CF66C8C55DE}
		{DC6E5739-1CC5-41C0-85FD-EAB9B0CFFE38} = {970DC74A-723E-4FFB-BA88-082F92F92BDA}
		{6261151C-CD68-4B47-86FE-3D04F7FBEB38} = {5092E560-FE11-4FC5-B220-96E3EDAB1D86}
		{24EC9AA3-71A7-4CE6-9149-F1693DC447C7} = {5092E560-FE11-4FC5-B220-96E3EDAB1D86}
		{CFAD8713-0F65-4B94-AC76-E248EA303BF0} = {5092E560-FE11-4FC5-B220-96E3EDAB1D86}
		{2A2DDDBC-4837-4A78-AA2F-D4F5DB170C18} = {5092E560-FE11-4FC5-B220-96E3EDAB1D86}
		{055610AE-D831-45A6-896B-823FC4906EC8} = {970DC74A-723E-4FFB-BA88-082F92F92BDA}
		{2FE4F575-EE1E-4F1E-B04C-0D840A7D29EE} = {2C7C49DB-2447-442A-8F7E-6CF66C8C55DE}
		{E1932844-B12A-41D5-9978-E34898FC854D} = {2FE4F575-EE1E-4F1E-B04C-0D840A7D29EE}
		{C8FEBE99-F898-4392-98CE-6840800D807D} = {2FE4F575-EE1E-4F1E-B04C-0D840A7D29EE}
		{9BC6F95E-8556-4ADE-8581-792668C93D7F} = {2FE4F575-EE1E-4F1E-B04C-0D840A7D29EE}
		{17773306-A486-41DC-8CA2-FC345845EDD9} = {2FE4F575-EE1E-4F1E-B04C-0D840A7D29EE}
		{695CCFD1-CB0F-4B1A-898F-6653A79A8496} = {970DC74A-723E-4FFB-BA88-082F92F92BDA}
		{A8594ACA-054B-4F04-8696-07119C5AE238} = {2FE4F575-EE1E-4F1E-B04C-0D840A7D29EE}
		{B047FF41-F114-4B1D-9B7E-B01CCA1AB981} = {970DC74A-723E-4FFB-BA88-082F92F92BDA}
	EndGlobalSection
	GlobalSection(ExtensibilityGlobals) = postSolution
		SolutionGuid = {192892C5-BCB1-45D1-B153-239900D043FF}
	EndGlobalSection
EndGlobal
