
Microsoft Visual Studio Solution File, Format Version 12.00
# Visual Studio Version 17
VisualStudioVersion = 17.10.35027.167
MinimumVisualStudioVersion = 10.0.40219.1
Project("{2150E333-8FDC-42A3-9474-1A3956D46DE8}") = "Solution Items", "Solution Items", "{142B79A5-8ACE-441D-BC24-3B74E1E7EF56}"
	ProjectSection(SolutionItems) = preProject
		.dockerignore = .dockerignore
		.editorconfig = .editorconfig
		.gitignore = .gitignore
		Directory.Build.props = Directory.Build.props
		global.json = global.json
		README.md = README.md
		stylecop.json = stylecop.json
	EndProjectSection
EndProject
Project("{2150E333-8FDC-42A3-9474-1A3956D46DE8}") = "src", "src", "{114F5F65-F01A-4365-BA1F-D123113DA145}"
EndProject
Project("{2150E333-8FDC-42A3-9474-1A3956D46DE8}") = "requests", "requests", "{7B062C9E-6D22-4E41-852B-A9F6930B729A}"
EndProject
Project("{2150E333-8FDC-42A3-9474-1A3956D46DE8}") = "test", "test", "{801132F8-151D-4FBB-869C-2598B654DE82}"
EndProject
Project("{2150E333-8FDC-42A3-9474-1A3956D46DE8}") = "API", "API", "{841E6B1F-55EC-42F8-9C74-07C46EE65945}"
EndProject
Project("{2150E333-8FDC-42A3-9474-1A3956D46DE8}") = "Modules", "Modules", "{D0F13AD0-0F43-44CE-B0B7-66F1B394E084}"
EndProject
Project("{2150E333-8FDC-42A3-9474-1A3956D46DE8}") = "Common", "Common", "{491D0B33-75B2-40B8-B087-F0A7FB083181}"
EndProject
Project("{9A19103F-16F7-4668-BE54-9A1E7A4F7556}") = "WLCS.Api", "src\API\WLCS.Api\WLCS.Api.csproj", "{BD0B4D19-CC17-42EC-B068-82C4C6044295}"
EndProject
Project("{2150E333-8FDC-42A3-9474-1A3956D46DE8}") = "Competitions", "Competitions", "{471B188E-439D-465B-A674-E859579B21DB}"
EndProject
Project("{E53339B2-1760-4266-BCC7-CA923CBCF16C}") = "docker-compose", "docker-compose.dcproj", "{1D617317-ACAA-4DD5-9E45-7203AF27D6DE}"
EndProject
Project("{9A19103F-16F7-4668-BE54-9A1E7A4F7556}") = "WLCS.Modules.Competitions.Application", "src\Modules\Competitions\WLCS.Modules.Competitions.Application\WLCS.Modules.Competitions.Application.csproj", "{350123A1-9CAA-4AC6-9A24-B3BC1D9E0658}"
EndProject
Project("{9A19103F-16F7-4668-BE54-9A1E7A4F7556}") = "WLCS.Modules.Competitions.Domain", "src\Modules\Competitions\WLCS.Modules.Competitions.Domain\WLCS.Modules.Competitions.Domain.csproj", "{BA010061-54C2-4354-B791-6142C241A9A9}"
EndProject
Project("{9A19103F-16F7-4668-BE54-9A1E7A4F7556}") = "WLCS.Modules.Competitions.Infrastructure", "src\Modules\Competitions\WLCS.Modules.Competitions.Infrastructure\WLCS.Modules.Competitions.Infrastructure.csproj", "{491D30E6-C945-45A3-954B-E586D84871D3}"
EndProject
Project("{9A19103F-16F7-4668-BE54-9A1E7A4F7556}") = "WLCS.Modules.Competitions.Presentation", "src\Modules\Competitions\WLCS.Modules.Competitions.Presentation\WLCS.Modules.Competitions.Presentation.csproj", "{6A7765D2-2111-4672-A497-CFAD45233529}"
EndProject
Project("{9A19103F-16F7-4668-BE54-9A1E7A4F7556}") = "WLCS.Common.Application", "src\Common\WLCS.Common.Application\WLCS.Common.Application.csproj", "{19C307B4-E39F-471F-AC46-A35B6D1DF44D}"
EndProject
Project("{9A19103F-16F7-4668-BE54-9A1E7A4F7556}") = "WLCS.Common.Domain", "src\Common\WLCS.Common.Domain\WLCS.Common.Domain.csproj", "{66D1CF2E-8C33-41F2-A963-24392E3E76D6}"
EndProject
Project("{9A19103F-16F7-4668-BE54-9A1E7A4F7556}") = "WLCS.Common.Infrastructure", "src\Common\WLCS.Common.Infrastructure\WLCS.Common.Infrastructure.csproj", "{27719841-69DF-436E-B644-2049652D24C9}"
EndProject
Project("{9A19103F-16F7-4668-BE54-9A1E7A4F7556}") = "WLCS.Common.Presentation", "src\Common\WLCS.Common.Presentation\WLCS.Common.Presentation.csproj", "{0EDF43DB-9B25-4169-BE64-662B0C6BCF14}"
EndProject
Project("{2150E333-8FDC-42A3-9474-1A3956D46DE8}") = "Administration", "Administration", "{76105C06-D503-4E23-BE93-89F0D8EA6E83}"
EndProject
Project("{9A19103F-16F7-4668-BE54-9A1E7A4F7556}") = "WLCS.Modules.Administration.Application", "src\Modules\Administration\WLCS.Modules.Administration.Application\WLCS.Modules.Administration.Application.csproj", "{2CEA10C3-4D8F-4C9E-8481-DC582114122F}"
EndProject
Project("{9A19103F-16F7-4668-BE54-9A1E7A4F7556}") = "WLCS.Modules.Administration.Domain", "src\Modules\Administration\WLCS.Modules.Administration.Domain\WLCS.Modules.Administration.Domain.csproj", "{29B6EA17-9676-4E58-A773-1490D606FA5E}"
EndProject
Project("{9A19103F-16F7-4668-BE54-9A1E7A4F7556}") = "WLCS.Modules.Administration.Infrastructure", "src\Modules\Administration\WLCS.Modules.Administration.Infrastructure\WLCS.Modules.Administration.Infrastructure.csproj", "{50A2A6B0-63FA-46BC-B7AD-3D7EFC20FB6C}"
EndProject
Project("{9A19103F-16F7-4668-BE54-9A1E7A4F7556}") = "WLCS.Modules.Administration.Presentation", "src\Modules\Administration\WLCS.Modules.Administration.Presentation\WLCS.Modules.Administration.Presentation.csproj", "{759DE13F-FC56-41DF-ACA1-412055550D33}"
EndProject
Project("{2150E333-8FDC-42A3-9474-1A3956D46DE8}") = "Athletes", "Athletes", "{63101CA2-6B29-4547-B799-CE804310F9CB}"
EndProject
Project("{9A19103F-16F7-4668-BE54-9A1E7A4F7556}") = "WLCS.Modules.Athletes.Application", "src\Modules\Athletes\WLCS.Modules.Athletes.Application\WLCS.Modules.Athletes.Application.csproj", "{3019F6CD-F01A-4E1E-A39E-E8958BC08B01}"
EndProject
Project("{9A19103F-16F7-4668-BE54-9A1E7A4F7556}") = "WLCS.Modules.Athletes.Domain", "src\Modules\Athletes\WLCS.Modules.Athletes.Domain\WLCS.Modules.Athletes.Domain.csproj", "{08AC5977-E3E8-4AC0-B40F-FB7CE394A361}"
EndProject
Project("{9A19103F-16F7-4668-BE54-9A1E7A4F7556}") = "WLCS.Modules.Athletes.Infrastructure", "src\Modules\Athletes\WLCS.Modules.Athletes.Infrastructure\WLCS.Modules.Athletes.Infrastructure.csproj", "{5E47B14C-1074-4D9C-B00E-CBC69F17F0FD}"
EndProject
Project("{9A19103F-16F7-4668-BE54-9A1E7A4F7556}") = "WLCS.Modules.Athletes.Presentation", "src\Modules\Athletes\WLCS.Modules.Athletes.Presentation\WLCS.Modules.Athletes.Presentation.csproj", "{37E734AF-A29F-4E47-BB07-0C47C4E8B40D}"
EndProject
Project("{9A19103F-16F7-4668-BE54-9A1E7A4F7556}") = "WLCS.Modules.Athletes.IntegrationEvents", "src\Modules\Athletes\WLCS.Modules.Athletes.IntegrationEvents\WLCS.Modules.Athletes.IntegrationEvents.csproj", "{56FE02E5-A424-4F63-8974-D7F75EF6C76F}"
EndProject
Project("{9A19103F-16F7-4668-BE54-9A1E7A4F7556}") = "WLCS.Modules.Administration.IntegrationEvents", "src\Modules\Administration\WLCS.Modules.Administration.IntegrationEvents\WLCS.Modules.Administration.IntegrationEvents.csproj", "{B704C7B6-363E-4161-AF85-7353B4D0BDD0}"
EndProject
Project("{9A19103F-16F7-4668-BE54-9A1E7A4F7556}") = "WLCS.ArchitectureTests", "test\WLCS.ArchitectureTests\WLCS.ArchitectureTests.csproj", "{2E434725-1D7D-43D3-B13D-88B0FC58A37F}"
EndProject
Project("{9A19103F-16F7-4668-BE54-9A1E7A4F7556}") = "WLCS.Modules.Competitions.IntegrationEvents", "src\Modules\Competitions\WLCS.Modules.Competitions.IntegrationEvents\WLCS.Modules.Competitions.IntegrationEvents.csproj", "{48E8A245-DAE7-4463-BDDC-554DBC6F1951}"
EndProject
Project("{2150E333-8FDC-42A3-9474-1A3956D46DE8}") = "Test", "Test", "{2FD65E12-616F-4BBF-8C19-1E950A8613AF}"
EndProject
Project("{9A19103F-16F7-4668-BE54-9A1E7A4F7556}") = "WLCS.Modules.Administration.ArchitectureTests", "src\Modules\Administration\Test\WLCS.Modules.Administration.ArchitectureTests\WLCS.Modules.Administration.ArchitectureTests.csproj", "{B2C4CFEB-0D07-4ED7-A9E0-44F6627BE540}"
EndProject
Project("{2150E333-8FDC-42A3-9474-1A3956D46DE8}") = "Test", "Test", "{BA6E60A9-67B6-43BE-A2D3-461C3D512EDC}"
EndProject
Project("{2150E333-8FDC-42A3-9474-1A3956D46DE8}") = "Test", "Test", "{2CA46628-D82D-47D1-85A8-542E823468D1}"
EndProject
Project("{9A19103F-16F7-4668-BE54-9A1E7A4F7556}") = "WLCS.Modules.Athletes.ArchitectureTests", "src\Modules\Athletes\Test\WLCS.Modules.Athletes.ArchitectureTests\WLCS.Modules.Athletes.ArchitectureTests.csproj", "{7CD5E763-FF20-424A-A575-F99257167116}"
EndProject
Project("{9A19103F-16F7-4668-BE54-9A1E7A4F7556}") = "WLCS.Modules.Competitions.ArchitectureTests", "src\Modules\Competitions\Test\WLCS.Modules.Competitions.ArchitectureTests\WLCS.Modules.Competitions.ArchitectureTests.csproj", "{C223299A-FE26-427A-8366-086D8EC26A12}"
EndProject
Project("{FAE04EC0-301F-11D3-BF4B-00C04F79EFBC}") = "WLCS.Modules.Athletes.UnitTests", "src\Modules\Athletes\Test\WLCS.Modules.Athletes.UnitTests\WLCS.Modules.Athletes.UnitTests.csproj", "{950F81EA-3B58-4E7A-BF63-DFBE63F86D22}"
EndProject
Project("{FAE04EC0-301F-11D3-BF4B-00C04F79EFBC}") = "WLCS.Modules.Administration.UnitTests", "src\Modules\Administration\Test\WLCS.Modules.Administration.UnitTests\WLCS.Modules.Administration.UnitTests.csproj", "{07AF540D-C214-4949-9845-0C2EB6292733}"
EndProject
Project("{FAE04EC0-301F-11D3-BF4B-00C04F79EFBC}") = "WLCS.Modules.Competitions.UnitTests", "src\Modules\Competitions\Test\WLCS.Modules.Competitions.UnitTests\WLCS.Modules.Competitions.UnitTests.csproj", "{2CE76F14-8DC9-48E4-ABEA-952A955196B3}"
EndProject
Global
	GlobalSection(SolutionConfigurationPlatforms) = preSolution
		Debug|Any CPU = Debug|Any CPU
		Release|Any CPU = Release|Any CPU
	EndGlobalSection
	GlobalSection(ProjectConfigurationPlatforms) = postSolution
		{BD0B4D19-CC17-42EC-B068-82C4C6044295}.Debug|Any CPU.ActiveCfg = Debug|Any CPU
		{BD0B4D19-CC17-42EC-B068-82C4C6044295}.Debug|Any CPU.Build.0 = Debug|Any CPU
		{BD0B4D19-CC17-42EC-B068-82C4C6044295}.Release|Any CPU.ActiveCfg = Release|Any CPU
		{BD0B4D19-CC17-42EC-B068-82C4C6044295}.Release|Any CPU.Build.0 = Release|Any CPU
		{1D617317-ACAA-4DD5-9E45-7203AF27D6DE}.Debug|Any CPU.ActiveCfg = Debug|Any CPU
		{1D617317-ACAA-4DD5-9E45-7203AF27D6DE}.Debug|Any CPU.Build.0 = Debug|Any CPU
		{1D617317-ACAA-4DD5-9E45-7203AF27D6DE}.Release|Any CPU.ActiveCfg = Release|Any CPU
		{1D617317-ACAA-4DD5-9E45-7203AF27D6DE}.Release|Any CPU.Build.0 = Release|Any CPU
		{350123A1-9CAA-4AC6-9A24-B3BC1D9E0658}.Debug|Any CPU.ActiveCfg = Debug|Any CPU
		{350123A1-9CAA-4AC6-9A24-B3BC1D9E0658}.Debug|Any CPU.Build.0 = Debug|Any CPU
		{350123A1-9CAA-4AC6-9A24-B3BC1D9E0658}.Release|Any CPU.ActiveCfg = Release|Any CPU
		{350123A1-9CAA-4AC6-9A24-B3BC1D9E0658}.Release|Any CPU.Build.0 = Release|Any CPU
		{BA010061-54C2-4354-B791-6142C241A9A9}.Debug|Any CPU.ActiveCfg = Debug|Any CPU
		{BA010061-54C2-4354-B791-6142C241A9A9}.Debug|Any CPU.Build.0 = Debug|Any CPU
		{BA010061-54C2-4354-B791-6142C241A9A9}.Release|Any CPU.ActiveCfg = Release|Any CPU
		{BA010061-54C2-4354-B791-6142C241A9A9}.Release|Any CPU.Build.0 = Release|Any CPU
		{491D30E6-C945-45A3-954B-E586D84871D3}.Debug|Any CPU.ActiveCfg = Debug|Any CPU
		{491D30E6-C945-45A3-954B-E586D84871D3}.Debug|Any CPU.Build.0 = Debug|Any CPU
		{491D30E6-C945-45A3-954B-E586D84871D3}.Release|Any CPU.ActiveCfg = Release|Any CPU
		{491D30E6-C945-45A3-954B-E586D84871D3}.Release|Any CPU.Build.0 = Release|Any CPU
		{6A7765D2-2111-4672-A497-CFAD45233529}.Debug|Any CPU.ActiveCfg = Debug|Any CPU
		{6A7765D2-2111-4672-A497-CFAD45233529}.Debug|Any CPU.Build.0 = Debug|Any CPU
		{6A7765D2-2111-4672-A497-CFAD45233529}.Release|Any CPU.ActiveCfg = Release|Any CPU
		{6A7765D2-2111-4672-A497-CFAD45233529}.Release|Any CPU.Build.0 = Release|Any CPU
		{19C307B4-E39F-471F-AC46-A35B6D1DF44D}.Debug|Any CPU.ActiveCfg = Debug|Any CPU
		{19C307B4-E39F-471F-AC46-A35B6D1DF44D}.Debug|Any CPU.Build.0 = Debug|Any CPU
		{19C307B4-E39F-471F-AC46-A35B6D1DF44D}.Release|Any CPU.ActiveCfg = Release|Any CPU
		{19C307B4-E39F-471F-AC46-A35B6D1DF44D}.Release|Any CPU.Build.0 = Release|Any CPU
		{66D1CF2E-8C33-41F2-A963-24392E3E76D6}.Debug|Any CPU.ActiveCfg = Debug|Any CPU
		{66D1CF2E-8C33-41F2-A963-24392E3E76D6}.Debug|Any CPU.Build.0 = Debug|Any CPU
		{66D1CF2E-8C33-41F2-A963-24392E3E76D6}.Release|Any CPU.ActiveCfg = Release|Any CPU
		{66D1CF2E-8C33-41F2-A963-24392E3E76D6}.Release|Any CPU.Build.0 = Release|Any CPU
		{27719841-69DF-436E-B644-2049652D24C9}.Debug|Any CPU.ActiveCfg = Debug|Any CPU
		{27719841-69DF-436E-B644-2049652D24C9}.Debug|Any CPU.Build.0 = Debug|Any CPU
		{27719841-69DF-436E-B644-2049652D24C9}.Release|Any CPU.ActiveCfg = Release|Any CPU
		{27719841-69DF-436E-B644-2049652D24C9}.Release|Any CPU.Build.0 = Release|Any CPU
		{0EDF43DB-9B25-4169-BE64-662B0C6BCF14}.Debug|Any CPU.ActiveCfg = Debug|Any CPU
		{0EDF43DB-9B25-4169-BE64-662B0C6BCF14}.Debug|Any CPU.Build.0 = Debug|Any CPU
		{0EDF43DB-9B25-4169-BE64-662B0C6BCF14}.Release|Any CPU.ActiveCfg = Release|Any CPU
		{0EDF43DB-9B25-4169-BE64-662B0C6BCF14}.Release|Any CPU.Build.0 = Release|Any CPU
		{2CEA10C3-4D8F-4C9E-8481-DC582114122F}.Debug|Any CPU.ActiveCfg = Debug|Any CPU
		{2CEA10C3-4D8F-4C9E-8481-DC582114122F}.Debug|Any CPU.Build.0 = Debug|Any CPU
		{2CEA10C3-4D8F-4C9E-8481-DC582114122F}.Release|Any CPU.ActiveCfg = Release|Any CPU
		{2CEA10C3-4D8F-4C9E-8481-DC582114122F}.Release|Any CPU.Build.0 = Release|Any CPU
		{29B6EA17-9676-4E58-A773-1490D606FA5E}.Debug|Any CPU.ActiveCfg = Debug|Any CPU
		{29B6EA17-9676-4E58-A773-1490D606FA5E}.Debug|Any CPU.Build.0 = Debug|Any CPU
		{29B6EA17-9676-4E58-A773-1490D606FA5E}.Release|Any CPU.ActiveCfg = Release|Any CPU
		{29B6EA17-9676-4E58-A773-1490D606FA5E}.Release|Any CPU.Build.0 = Release|Any CPU
		{50A2A6B0-63FA-46BC-B7AD-3D7EFC20FB6C}.Debug|Any CPU.ActiveCfg = Debug|Any CPU
		{50A2A6B0-63FA-46BC-B7AD-3D7EFC20FB6C}.Debug|Any CPU.Build.0 = Debug|Any CPU
		{50A2A6B0-63FA-46BC-B7AD-3D7EFC20FB6C}.Release|Any CPU.ActiveCfg = Release|Any CPU
		{50A2A6B0-63FA-46BC-B7AD-3D7EFC20FB6C}.Release|Any CPU.Build.0 = Release|Any CPU
		{759DE13F-FC56-41DF-ACA1-412055550D33}.Debug|Any CPU.ActiveCfg = Debug|Any CPU
		{759DE13F-FC56-41DF-ACA1-412055550D33}.Debug|Any CPU.Build.0 = Debug|Any CPU
		{759DE13F-FC56-41DF-ACA1-412055550D33}.Release|Any CPU.ActiveCfg = Release|Any CPU
		{759DE13F-FC56-41DF-ACA1-412055550D33}.Release|Any CPU.Build.0 = Release|Any CPU
		{3019F6CD-F01A-4E1E-A39E-E8958BC08B01}.Debug|Any CPU.ActiveCfg = Debug|Any CPU
		{3019F6CD-F01A-4E1E-A39E-E8958BC08B01}.Debug|Any CPU.Build.0 = Debug|Any CPU
		{3019F6CD-F01A-4E1E-A39E-E8958BC08B01}.Release|Any CPU.ActiveCfg = Release|Any CPU
		{3019F6CD-F01A-4E1E-A39E-E8958BC08B01}.Release|Any CPU.Build.0 = Release|Any CPU
		{08AC5977-E3E8-4AC0-B40F-FB7CE394A361}.Debug|Any CPU.ActiveCfg = Debug|Any CPU
		{08AC5977-E3E8-4AC0-B40F-FB7CE394A361}.Debug|Any CPU.Build.0 = Debug|Any CPU
		{08AC5977-E3E8-4AC0-B40F-FB7CE394A361}.Release|Any CPU.ActiveCfg = Release|Any CPU
		{08AC5977-E3E8-4AC0-B40F-FB7CE394A361}.Release|Any CPU.Build.0 = Release|Any CPU
		{5E47B14C-1074-4D9C-B00E-CBC69F17F0FD}.Debug|Any CPU.ActiveCfg = Debug|Any CPU
		{5E47B14C-1074-4D9C-B00E-CBC69F17F0FD}.Debug|Any CPU.Build.0 = Debug|Any CPU
		{5E47B14C-1074-4D9C-B00E-CBC69F17F0FD}.Release|Any CPU.ActiveCfg = Release|Any CPU
		{5E47B14C-1074-4D9C-B00E-CBC69F17F0FD}.Release|Any CPU.Build.0 = Release|Any CPU
		{37E734AF-A29F-4E47-BB07-0C47C4E8B40D}.Debug|Any CPU.ActiveCfg = Debug|Any CPU
		{37E734AF-A29F-4E47-BB07-0C47C4E8B40D}.Debug|Any CPU.Build.0 = Debug|Any CPU
		{37E734AF-A29F-4E47-BB07-0C47C4E8B40D}.Release|Any CPU.ActiveCfg = Release|Any CPU
		{37E734AF-A29F-4E47-BB07-0C47C4E8B40D}.Release|Any CPU.Build.0 = Release|Any CPU
		{56FE02E5-A424-4F63-8974-D7F75EF6C76F}.Debug|Any CPU.ActiveCfg = Debug|Any CPU
		{56FE02E5-A424-4F63-8974-D7F75EF6C76F}.Debug|Any CPU.Build.0 = Debug|Any CPU
		{56FE02E5-A424-4F63-8974-D7F75EF6C76F}.Release|Any CPU.ActiveCfg = Release|Any CPU
		{56FE02E5-A424-4F63-8974-D7F75EF6C76F}.Release|Any CPU.Build.0 = Release|Any CPU
		{B704C7B6-363E-4161-AF85-7353B4D0BDD0}.Debug|Any CPU.ActiveCfg = Debug|Any CPU
		{B704C7B6-363E-4161-AF85-7353B4D0BDD0}.Debug|Any CPU.Build.0 = Debug|Any CPU
		{B704C7B6-363E-4161-AF85-7353B4D0BDD0}.Release|Any CPU.ActiveCfg = Release|Any CPU
		{B704C7B6-363E-4161-AF85-7353B4D0BDD0}.Release|Any CPU.Build.0 = Release|Any CPU
		{2E434725-1D7D-43D3-B13D-88B0FC58A37F}.Debug|Any CPU.ActiveCfg = Debug|Any CPU
		{2E434725-1D7D-43D3-B13D-88B0FC58A37F}.Debug|Any CPU.Build.0 = Debug|Any CPU
		{2E434725-1D7D-43D3-B13D-88B0FC58A37F}.Release|Any CPU.ActiveCfg = Release|Any CPU
		{2E434725-1D7D-43D3-B13D-88B0FC58A37F}.Release|Any CPU.Build.0 = Release|Any CPU
		{48E8A245-DAE7-4463-BDDC-554DBC6F1951}.Debug|Any CPU.ActiveCfg = Debug|Any CPU
		{48E8A245-DAE7-4463-BDDC-554DBC6F1951}.Debug|Any CPU.Build.0 = Debug|Any CPU
		{48E8A245-DAE7-4463-BDDC-554DBC6F1951}.Release|Any CPU.ActiveCfg = Release|Any CPU
		{48E8A245-DAE7-4463-BDDC-554DBC6F1951}.Release|Any CPU.Build.0 = Release|Any CPU
		{B2C4CFEB-0D07-4ED7-A9E0-44F6627BE540}.Debug|Any CPU.ActiveCfg = Debug|Any CPU
		{B2C4CFEB-0D07-4ED7-A9E0-44F6627BE540}.Debug|Any CPU.Build.0 = Debug|Any CPU
		{B2C4CFEB-0D07-4ED7-A9E0-44F6627BE540}.Release|Any CPU.ActiveCfg = Release|Any CPU
		{B2C4CFEB-0D07-4ED7-A9E0-44F6627BE540}.Release|Any CPU.Build.0 = Release|Any CPU
		{7CD5E763-FF20-424A-A575-F99257167116}.Debug|Any CPU.ActiveCfg = Debug|Any CPU
		{7CD5E763-FF20-424A-A575-F99257167116}.Debug|Any CPU.Build.0 = Debug|Any CPU
		{7CD5E763-FF20-424A-A575-F99257167116}.Release|Any CPU.ActiveCfg = Release|Any CPU
		{7CD5E763-FF20-424A-A575-F99257167116}.Release|Any CPU.Build.0 = Release|Any CPU
		{C223299A-FE26-427A-8366-086D8EC26A12}.Debug|Any CPU.ActiveCfg = Debug|Any CPU
		{C223299A-FE26-427A-8366-086D8EC26A12}.Debug|Any CPU.Build.0 = Debug|Any CPU
		{C223299A-FE26-427A-8366-086D8EC26A12}.Release|Any CPU.ActiveCfg = Release|Any CPU
		{C223299A-FE26-427A-8366-086D8EC26A12}.Release|Any CPU.Build.0 = Release|Any CPU
		{950F81EA-3B58-4E7A-BF63-DFBE63F86D22}.Debug|Any CPU.ActiveCfg = Debug|Any CPU
		{950F81EA-3B58-4E7A-BF63-DFBE63F86D22}.Debug|Any CPU.Build.0 = Debug|Any CPU
		{950F81EA-3B58-4E7A-BF63-DFBE63F86D22}.Release|Any CPU.ActiveCfg = Release|Any CPU
		{950F81EA-3B58-4E7A-BF63-DFBE63F86D22}.Release|Any CPU.Build.0 = Release|Any CPU
		{07AF540D-C214-4949-9845-0C2EB6292733}.Debug|Any CPU.ActiveCfg = Debug|Any CPU
		{07AF540D-C214-4949-9845-0C2EB6292733}.Debug|Any CPU.Build.0 = Debug|Any CPU
		{07AF540D-C214-4949-9845-0C2EB6292733}.Release|Any CPU.ActiveCfg = Release|Any CPU
		{07AF540D-C214-4949-9845-0C2EB6292733}.Release|Any CPU.Build.0 = Release|Any CPU
		{2CE76F14-8DC9-48E4-ABEA-952A955196B3}.Debug|Any CPU.ActiveCfg = Debug|Any CPU
		{2CE76F14-8DC9-48E4-ABEA-952A955196B3}.Debug|Any CPU.Build.0 = Debug|Any CPU
		{2CE76F14-8DC9-48E4-ABEA-952A955196B3}.Release|Any CPU.ActiveCfg = Release|Any CPU
		{2CE76F14-8DC9-48E4-ABEA-952A955196B3}.Release|Any CPU.Build.0 = Release|Any CPU
	EndGlobalSection
	GlobalSection(SolutionProperties) = preSolution
		HideSolutionNode = FALSE
	EndGlobalSection
	GlobalSection(NestedProjects) = preSolution
		{841E6B1F-55EC-42F8-9C74-07C46EE65945} = {114F5F65-F01A-4365-BA1F-D123113DA145}
		{D0F13AD0-0F43-44CE-B0B7-66F1B394E084} = {114F5F65-F01A-4365-BA1F-D123113DA145}
		{491D0B33-75B2-40B8-B087-F0A7FB083181} = {114F5F65-F01A-4365-BA1F-D123113DA145}
		{BD0B4D19-CC17-42EC-B068-82C4C6044295} = {841E6B1F-55EC-42F8-9C74-07C46EE65945}
		{471B188E-439D-465B-A674-E859579B21DB} = {D0F13AD0-0F43-44CE-B0B7-66F1B394E084}
		{350123A1-9CAA-4AC6-9A24-B3BC1D9E0658} = {471B188E-439D-465B-A674-E859579B21DB}
		{BA010061-54C2-4354-B791-6142C241A9A9} = {471B188E-439D-465B-A674-E859579B21DB}
		{491D30E6-C945-45A3-954B-E586D84871D3} = {471B188E-439D-465B-A674-E859579B21DB}
		{6A7765D2-2111-4672-A497-CFAD45233529} = {471B188E-439D-465B-A674-E859579B21DB}
		{19C307B4-E39F-471F-AC46-A35B6D1DF44D} = {491D0B33-75B2-40B8-B087-F0A7FB083181}
		{66D1CF2E-8C33-41F2-A963-24392E3E76D6} = {491D0B33-75B2-40B8-B087-F0A7FB083181}
		{27719841-69DF-436E-B644-2049652D24C9} = {491D0B33-75B2-40B8-B087-F0A7FB083181}
		{0EDF43DB-9B25-4169-BE64-662B0C6BCF14} = {491D0B33-75B2-40B8-B087-F0A7FB083181}
		{76105C06-D503-4E23-BE93-89F0D8EA6E83} = {D0F13AD0-0F43-44CE-B0B7-66F1B394E084}
		{2CEA10C3-4D8F-4C9E-8481-DC582114122F} = {76105C06-D503-4E23-BE93-89F0D8EA6E83}
		{29B6EA17-9676-4E58-A773-1490D606FA5E} = {76105C06-D503-4E23-BE93-89F0D8EA6E83}
		{50A2A6B0-63FA-46BC-B7AD-3D7EFC20FB6C} = {76105C06-D503-4E23-BE93-89F0D8EA6E83}
		{759DE13F-FC56-41DF-ACA1-412055550D33} = {76105C06-D503-4E23-BE93-89F0D8EA6E83}
		{63101CA2-6B29-4547-B799-CE804310F9CB} = {D0F13AD0-0F43-44CE-B0B7-66F1B394E084}
		{3019F6CD-F01A-4E1E-A39E-E8958BC08B01} = {63101CA2-6B29-4547-B799-CE804310F9CB}
		{08AC5977-E3E8-4AC0-B40F-FB7CE394A361} = {63101CA2-6B29-4547-B799-CE804310F9CB}
		{5E47B14C-1074-4D9C-B00E-CBC69F17F0FD} = {63101CA2-6B29-4547-B799-CE804310F9CB}
		{37E734AF-A29F-4E47-BB07-0C47C4E8B40D} = {63101CA2-6B29-4547-B799-CE804310F9CB}
		{56FE02E5-A424-4F63-8974-D7F75EF6C76F} = {63101CA2-6B29-4547-B799-CE804310F9CB}
		{B704C7B6-363E-4161-AF85-7353B4D0BDD0} = {76105C06-D503-4E23-BE93-89F0D8EA6E83}
		{2E434725-1D7D-43D3-B13D-88B0FC58A37F} = {801132F8-151D-4FBB-869C-2598B654DE82}
		{48E8A245-DAE7-4463-BDDC-554DBC6F1951} = {471B188E-439D-465B-A674-E859579B21DB}
		{2FD65E12-616F-4BBF-8C19-1E950A8613AF} = {76105C06-D503-4E23-BE93-89F0D8EA6E83}
		{B2C4CFEB-0D07-4ED7-A9E0-44F6627BE540} = {2FD65E12-616F-4BBF-8C19-1E950A8613AF}
		{BA6E60A9-67B6-43BE-A2D3-461C3D512EDC} = {63101CA2-6B29-4547-B799-CE804310F9CB}
		{2CA46628-D82D-47D1-85A8-542E823468D1} = {471B188E-439D-465B-A674-E859579B21DB}
		{7CD5E763-FF20-424A-A575-F99257167116} = {BA6E60A9-67B6-43BE-A2D3-461C3D512EDC}
		{C223299A-FE26-427A-8366-086D8EC26A12} = {2CA46628-D82D-47D1-85A8-542E823468D1}
		{950F81EA-3B58-4E7A-BF63-DFBE63F86D22} = {BA6E60A9-67B6-43BE-A2D3-461C3D512EDC}
		{07AF540D-C214-4949-9845-0C2EB6292733} = {2FD65E12-616F-4BBF-8C19-1E950A8613AF}
		{2CE76F14-8DC9-48E4-ABEA-952A955196B3} = {2CA46628-D82D-47D1-85A8-542E823468D1}
	EndGlobalSection
	GlobalSection(ExtensibilityGlobals) = postSolution
		SolutionGuid = {58193C77-D538-4269-B7B4-388AB5B0BCB4}
	EndGlobalSection
EndGlobal
